
Microsoft Visual Studio Solution File, Format Version 12.00
# Visual Studio Version 17
VisualStudioVersion = 17.13.35825.156
MinimumVisualStudioVersion = 10.0.40219.1
Project("{2150E333-8FDC-42A3-9474-1A3956D46DE8}") = "Chapter01", "Chapter01", "{DDB4EF12-CC4E-5E88-E6FC-71A802F4DE97}"
EndProject
Project("{FAE04EC0-301F-11D3-BF4B-00C04F79EFBC}") = "ProductSample", "Chapter01\ProductSample\ProductSample.csproj", "{32B7991D-6BA9-49B7-A163-058E5CFEC6A0}"
EndProject
Project("{2150E333-8FDC-42A3-9474-1A3956D46DE8}") = "Chapter02", "Chapter02", "{93EA65BF-92DE-4316-A96E-49101F72F95D}"
EndProject
Project("{FAE04EC0-301F-11D3-BF4B-00C04F79EFBC}") = "DistanceConverter", "Chapter02\DistanceConverter\DistanceConverter.csproj", "{08428B54-A54D-4D82-8F15-2A8BE7DF0E03}"
EndProject
Project("{2150E333-8FDC-42A3-9474-1A3956D46DE8}") = "演習問題", "演習問題", "{A1C1439F-F692-4D22-B36E-45AA63EF3BF1}"
EndProject
Project("{FAE04EC0-301F-11D3-BF4B-00C04F79EFBC}") = "Exercise02", "Chapter02\演習問題\Exercise02\Exercise02.csproj", "{4A905B4C-9F83-4806-B770-DC98A1D4F0E0}"
EndProject
Project("{2150E333-8FDC-42A3-9474-1A3956D46DE8}") = "距離換算プログラム", "距離換算プログラム", "{A1279F2E-8B59-479E-8A1B-ABFE9F5EC653}"
EndProject
Project("{2150E333-8FDC-42A3-9474-1A3956D46DE8}") = "FormApps", "FormApps", "{2030513F-C2F3-497D-8D8F-C9CA846B06E2}"
EndProject
Project("{FAE04EC0-301F-11D3-BF4B-00C04F79EFBC}") = "UnitConverter", "FormApps\UnitConverter\UnitConverter.csproj", "{CD4A6172-450D-4F1F-AA83-D41CF5512608}"
EndProject
Project("{FAE04EC0-301F-11D3-BF4B-00C04F79EFBC}") = "StopWatch", "FormApps\StopWatch\StopWatch.csproj", "{C211E93B-B22F-4603-8C5B-1680BF470072}"
EndProject
Project("{2150E333-8FDC-42A3-9474-1A3956D46DE8}") = "売上集計プログラム", "売上集計プログラム", "{D202EA62-80C5-4042-B1D5-3FC6471D8F4F}"
EndProject
Project("{FAE04EC0-301F-11D3-BF4B-00C04F79EFBC}") = "SalesCalculator", "Chapter02\SalesCalculator\SalesCalculator.csproj", "{7BD43D25-09AF-41C5-9798-31BFD056DFBA}"
EndProject
Project("{FAE04EC0-301F-11D3-BF4B-00C04F79EFBC}") = "Exercise01", "Chapter02\演習問題\Exercise01\Exercise01.csproj", "{06DC339E-429A-4B17-B787-47021F3B5BFB}"
EndProject
Project("{2150E333-8FDC-42A3-9474-1A3956D46DE8}") = "Chapter03", "Chapter03", "{0C358C98-6C6A-4FDE-AA79-839B638C4698}"
EndProject
Project("{FAE04EC0-301F-11D3-BF4B-00C04F79EFBC}") = "Section01", "Chapter03\Section01\Section01.csproj", "{DE75CAE1-0A1D-4E81-9A7A-0B10B558134C}"
EndProject
Project("{2150E333-8FDC-42A3-9474-1A3956D46DE8}") = "演習問題", "演習問題", "{16EDBDA0-7045-47A7-ADD9-63EA6B039C40}"
EndProject
Project("{FAE04EC0-301F-11D3-BF4B-00C04F79EFBC}") = "Exercise02", "Chapter03\演習問題\Exercise02\Exercise02.csproj", "{2D1459D4-F079-4D34-BDFA-A6B339B8E4BA}"
EndProject
Project("{FAE04EC0-301F-11D3-BF4B-00C04F79EFBC}") = "Section04", "Chapter03\Section04\Section04.csproj", "{324EAD56-A2D3-425C-8DCE-CDF575D83FD7}"
EndProject
Project("{FAE04EC0-301F-11D3-BF4B-00C04F79EFBC}") = "Exercise01", "Chapter03\演習問題\Exercise01\Exercise01.csproj", "{049D89B3-4224-4E95-9DF4-589A55B828EF}"
EndProject
Project("{2150E333-8FDC-42A3-9474-1A3956D46DE8}") = "Chapter04", "Chapter04", "{600C744F-4E99-4D30-B8AC-9F6D9D988BD9}"
EndProject
Project("{FAE04EC0-301F-11D3-BF4B-00C04F79EFBC}") = "Section04", "Chapter04\Section04\Section04.csproj", "{F5B0F9E4-29E1-4356-9B5E-5C0E59FF754F}"
EndProject
Project("{2150E333-8FDC-42A3-9474-1A3956D46DE8}") = "演習問題", "演習問題", "{FFA696D6-2F66-44A7-A91F-CE0CC27F6079}"
EndProject
Project("{FAE04EC0-301F-11D3-BF4B-00C04F79EFBC}") = "Exercise01", "Chapter04\演習問題\Exercise01\Exercise01.csproj", "{7E920D66-718C-4AE1-923F-3DF81E7B047A}"
EndProject
Project("{FAE04EC0-301F-11D3-BF4B-00C04F79EFBC}") = "Exercise02", "Chapter04\演習問題\Exercise02\Exercise02.csproj", "{684F2D3B-A546-4995-A1F8-27F891F97BC6}"
EndProject
Project("{2150E333-8FDC-42A3-9474-1A3956D46DE8}") = "LINQ", "LINQ", "{89890865-7024-40B3-A90F-AA36DDAB0E76}"
EndProject
Project("{FAE04EC0-301F-11D3-BF4B-00C04F79EFBC}") = "LinqSample", "LINQ\LinqSample\LinqSample.csproj", "{26FD3820-4F57-46F8-9D0B-AFF1EC064C62}"
EndProject
Project("{2150E333-8FDC-42A3-9474-1A3956D46DE8}") = "Chapter07", "Chapter07", "{376493D3-4726-4D41-935C-051003A85DBD}"
EndProject
Project("{2150E333-8FDC-42A3-9474-1A3956D46DE8}") = "演習問題", "演習問題", "{39E24956-B5A2-4E2B-9E2E-9FBEEA5EA85F}"
EndProject
Project("{FAE04EC0-301F-11D3-BF4B-00C04F79EFBC}") = "Exercise01", "Chapter07\演習問題\Exercise01\Exercise01.csproj", "{7D1D87E8-FF09-47C8-BF60-DD12E007E345}"
EndProject
Project("{FAE04EC0-301F-11D3-BF4B-00C04F79EFBC}") = "Section01", "Chapter07\Section01\Section01.csproj", "{7649EF2C-5591-4983-9C35-BEFE79D7AF93}"
EndProject
Project("{FAE04EC0-301F-11D3-BF4B-00C04F79EFBC}") = "Section05", "Chapter07\Section05\Section05.csproj", "{87DE56B4-AE9F-4937-9DCC-B6A0BBBB1978}"
EndProject
Project("{FAE04EC0-301F-11D3-BF4B-00C04F79EFBC}") = "Exercise02", "Chapter07\演習問題\Exercise02\Exercise02.csproj", "{772FEF06-94EB-48D1-A68C-275C43B91C6F}"
EndProject
Project("{2150E333-8FDC-42A3-9474-1A3956D46DE8}") = "Chapter06", "Chapter06", "{7C4C39EE-619A-4903-8FE6-8B7879F1A92A}"
EndProject
Project("{FAE04EC0-301F-11D3-BF4B-00C04F79EFBC}") = "Section01", "Chapter06\Section01\Section01.csproj", "{E5AEDD1A-52B8-4461-8C3F-99EBCAF135F4}"
EndProject
Project("{2150E333-8FDC-42A3-9474-1A3956D46DE8}") = "演習問題", "演習問題", "{DC7F1261-F671-42B9-B24F-B814B4C192A6}"
EndProject
Project("{FAE04EC0-301F-11D3-BF4B-00C04F79EFBC}") = "Exercise01", "Chapter06\演習問題\Exercise01\Exercise01.csproj", "{88061025-8E76-4F9E-AD01-AD8B7FD6CBBE}"
EndProject
Project("{FAE04EC0-301F-11D3-BF4B-00C04F79EFBC}") = "Exercise03", "Chapter06\演習問題\Exercise03\Exercise03.csproj", "{D64BA53D-23F4-4CAA-9F3F-E58DC1C27FFD}"
EndProject
Project("{FAE04EC0-301F-11D3-BF4B-00C04F79EFBC}") = "Exercise04", "Chapter06\演習問題\Exercise04\Exercise04.csproj", "{3557267C-D71A-47C8-8AAE-1ED00B153F0F}"
EndProject
Project("{FAE04EC0-301F-11D3-BF4B-00C04F79EFBC}") = "Section03", "Chapter06\Section03\Section03.csproj", "{1B1E334F-24F8-47D3-B532-D70BDF3E3BBD}"
EndProject
Project("{2150E333-8FDC-42A3-9474-1A3956D46DE8}") = "Chapter05", "Chapter05", "{B492A065-26E9-4E03-B3EE-706A7DA497B0}"
EndProject
Project("{2150E333-8FDC-42A3-9474-1A3956D46DE8}") = "演習問題", "演習問題", "{2F49EC23-B930-485D-916A-0036277CC65E}"
EndProject
Project("{FAE04EC0-301F-11D3-BF4B-00C04F79EFBC}") = "Section01", "Chapter05\Section01\Section01.csproj", "{A764ACA7-CAB6-429E-8C41-D3965BADAEA2}"
EndProject
Project("{FAE04EC0-301F-11D3-BF4B-00C04F79EFBC}") = "Section02", "Chapter05\Section02\Section02.csproj", "{A424740D-674C-4F13-8433-9DB6D31E80A4}"
EndProject
Project("{FAE04EC0-301F-11D3-BF4B-00C04F79EFBC}") = "Exercise01", "Chapter05\演習問題\Exercise01\Exercise01.csproj", "{9B011A6D-C08D-41AF-8C45-F124EF94CCE9}"
EndProject
Project("{FAE04EC0-301F-11D3-BF4B-00C04F79EFBC}") = "Exercise02", "Chapter05\演習問題\Exercise02\Exercise02.csproj", "{26866983-B7AD-4F09-A8BF-00FE55D92FEA}"
EndProject
Project("{2150E333-8FDC-42A3-9474-1A3956D46DE8}") = "Chapter08", "Chapter08", "{07CEDADF-BF5A-4E85-B2F8-F9E2B8233F5C}"
EndProject
Project("{FAE04EC0-301F-11D3-BF4B-00C04F79EFBC}") = "Exercise01", "Chapter08\演習問題\Exercise01\Exercise01.csproj", "{C8D47533-E21C-4124-AA40-D64DCB19B749}"
EndProject
Project("{FAE04EC0-301F-11D3-BF4B-00C04F79EFBC}") = "PrefCapitalLocationSystem", "Chapter08\PrefCapitalLocationSystem\PrefCapitalLocationSystem.csproj", "{BA3B5C5E-D6A4-39ED-6760-036CDB62E249}"
EndProject
Project("{FAE04EC0-301F-11D3-BF4B-00C04F79EFBC}") = "Section03", "Chapter08\Section03\Section03.csproj", "{878F39B6-5226-471B-A051-A12622FD9863}"
EndProject
Project("{2150E333-8FDC-42A3-9474-1A3956D46DE8}") = "演習問題", "演習問題", "{E1DEB57D-AB2F-46F2-B581-F42BD2131C0B}"
EndProject
Project("{FAE04EC0-301F-11D3-BF4B-00C04F79EFBC}") = "Exercise02", "Chapter08\演習問題\Exercise02\Exercise02.csproj", "{6BC72256-AD96-44FF-9E9C-41004BB1ABB1}"
EndProject
Project("{2150E333-8FDC-42A3-9474-1A3956D46DE8}") = "Test01", "Test01", "{47793C71-5C3C-4D67-9246-D652677C11C9}"
EndProject
Project("{FAE04EC0-301F-11D3-BF4B-00C04F79EFBC}") = "Test01", "Test01\Test01\Test01.csproj", "{6EF7678A-A725-F430-3097-30F090C0100A}"
EndProject
Project("{FAE04EC0-301F-11D3-BF4B-00C04F79EFBC}") = "Test02", "Test01\Test02\Test02.csproj", "{010D0C11-D6A2-3CA6-3281-4E0FD547EC2D}"
EndProject
Project("{2150E333-8FDC-42A3-9474-1A3956D46DE8}") = "Chapter09", "Chapter09", "{7F5B6955-35E9-45C8-A00D-9B5A8CF7A30B}"
EndProject
Project("{FAE04EC0-301F-11D3-BF4B-00C04F79EFBC}") = "Section01", "Chapter09\Section01\Section01.csproj", "{DB7500F4-4CE0-4495-8016-5B9019050D4A}"
EndProject
Project("{2150E333-8FDC-42A3-9474-1A3956D46DE8}") = "演習問題", "演習問題", "{EDE72334-08D1-44C1-83A1-922F7E32C70B}"
EndProject
Project("{FAE04EC0-301F-11D3-BF4B-00C04F79EFBC}") = "Exercise01", "Chapter09\演習問題\Exercise01\Exercise01.csproj", "{B02866A4-0155-41BD-B04E-8D1684155AC1}"
EndProject
Project("{FAE04EC0-301F-11D3-BF4B-00C04F79EFBC}") = "Exercise02", "Chapter09\演習問題\Exercise02\Exercise02.csproj", "{52442FBF-AB1E-12BC-8344-0695887AC3CB}"
EndProject
Project("{FAE04EC0-301F-11D3-BF4B-00C04F79EFBC}") = "Exercise03", "Chapter09\演習問題\Exercise03\Exercise03.csproj", "{13EA441B-E72F-5CA2-D5D4-B3F52139D7CF}"
EndProject
Project("{FAE04EC0-301F-11D3-BF4B-00C04F79EFBC}") = "CarReportSystem", "FormApps\CarReportSystem\CarReportSystem.csproj", "{2C8E87D8-DDE5-4043-B4E4-6B2545908DF2}"
EndProject
Project("{2150E333-8FDC-42A3-9474-1A3956D46DE8}") = "Chapter12", "Chapter12", "{ABB52E83-D99D-4D98-8DF9-53AC6F10B55D}"
EndProject
Project("{2150E333-8FDC-42A3-9474-1A3956D46DE8}") = "演習問題", "演習問題", "{D37C4F71-E7D0-4933-AAC7-6EB28959D12F}"
EndProject
Project("{FAE04EC0-301F-11D3-BF4B-00C04F79EFBC}") = "Section01", "Chapter12\Section01\Section01.csproj", "{72193F38-645F-485B-BC53-527BC8534C27}"
EndProject
Project("{FAE04EC0-301F-11D3-BF4B-00C04F79EFBC}") = "Exercise01", "Chapter12\演習問題\Exercise01\Exercise01.csproj", "{20B02D92-DE7B-4890-8D0D-58E4E2BFA62A}"
EndProject
Project("{911E67C6-3D85-4FCE-B560-20A9C3E3FF48}") = "Exercise02", "Chapter09\演習問題\Exercise02\bin\Debug\net8.0\Exercise02.exe", "{E6C8E64D-B934-C1C8-F055-0F1ACBBA9924}"
	ProjectSection(DebuggerProjectSystem) = preProject
		PortSupplier = 00000000-0000-0000-0000-000000000000
		Executable = C:\Users\infosys\source\repos\OOP2025\Chapter09\演習問題\Exercise02\bin\Debug\net8.0\Exercise02.exe
		RemoteMachine = C4239
		StartingDirectory = C:\Users\infosys\source\repos\OOP2025\Chapter09\演習問題\Exercise02\bin\Debug\net8.0
		Environment = 既定
		LaunchingEngine = 00000000-0000-0000-0000-000000000000
		UseLegacyDebugEngines = No
		LaunchSQLEngine = No
		AttachLaunchAction = No
		IORedirection = Auto
	EndProjectSection
EndProject
Project("{FAE04EC0-301F-11D3-BF4B-00C04F79EFBC}") = "Exercise03", "Chapter12\演習問題\Exercise03\Exercise03.csproj", "{414DFFD5-4A0F-DD91-933A-D9585859A325}"
EndProject
Project("{FAE04EC0-301F-11D3-BF4B-00C04F79EFBC}") = "RssReader", "FormApps\RssReader\RssReader.csproj", "{43D000A4-F2EA-4F8E-9542-05C5BE2E5F40}"
EndProject
Project("{2150E333-8FDC-42A3-9474-1A3956D46DE8}") = "Chapter11", "Chapter11", "{C9AB9B6C-11FE-46AD-A88D-64A129F7F005}"
EndProject
Project("{FAE04EC0-301F-11D3-BF4B-00C04F79EFBC}") = "Section02", "Chapter11\Section02\Section02.csproj", "{E9A17AA2-A822-DBAD-5B94-1AAA6BD0E0AF}"
EndProject
Project("{FAE04EC0-301F-11D3-BF4B-00C04F79EFBC}") = "Section03", "Chapter11\Section03\Section03.csproj", "{CE019649-9318-73D8-8F70-F3DCB6317432}"
EndProject
Project("{2150E333-8FDC-42A3-9474-1A3956D46DE8}") = "演習問題", "演習問題", "{111EA6C1-B1B2-4577-9BEF-D0E56148E604}"
EndProject
Project("{FAE04EC0-301F-11D3-BF4B-00C04F79EFBC}") = "Exercise01", "Chapter11\演習問題\Exercise01\Exercise01.csproj", "{B3F3FE81-4330-0B4C-2412-6F395A20D39D}"
EndProject
Project("{FAE04EC0-301F-11D3-BF4B-00C04F79EFBC}") = "Exercise02", "Chapter11\演習問題\Exercise02\Exercise02.csproj", "{3F3CABB3-E67F-D927-7417-80D1CBAF004A}"
EndProject
Project("{FAE04EC0-301F-11D3-BF4B-00C04F79EFBC}") = "Exercise03", "Chapter11\演習問題\Exercise03\Exercise03.csproj", "{61BA74EB-20AE-BBB9-0771-8ECBE7D18BD5}"
EndProject
Project("{FAE04EC0-301F-11D3-BF4B-00C04F79EFBC}") = "Section04", "Chapter11\Section04\Section04.csproj", "{7B753FAC-74C2-4EA7-B4C9-F85BD03EB92C}"
EndProject
Project("{FAE04EC0-301F-11D3-BF4B-00C04F79EFBC}") = "Exercise04", "Chapter11\演習問題\Exercise04\Exercise04.csproj", "{F700D126-775E-415B-8616-7B3D90730505}"
EndProject
Project("{FAE04EC0-301F-11D3-BF4B-00C04F79EFBC}") = "Exercise05", "Chapter11\演習問題\Exercise05\Exercise05.csproj", "{8745BAD8-5B46-4343-8E1F-9E6AFF79DD20}"
EndProject
Project("{2150E333-8FDC-42A3-9474-1A3956D46DE8}") = "WPF", "WPF", "{06CAB00C-72CC-4DFA-BBC9-ED12E065098C}"
EndProject
Project("{FAE04EC0-301F-11D3-BF4B-00C04F79EFBC}") = "SampleApplication", "WPF\SampleApplication\SampleApplication.csproj", "{C264326B-27F9-472A-BEB9-3E9542A4EF4F}"
EndProject
Project("{FAE04EC0-301F-11D3-BF4B-00C04F79EFBC}") = "SampleSlider", "WPF\SampleSlider\SampleSlider.csproj", "{2B675F7B-0803-4280-8F6F-11F7D84CB2C9}"
EndProject
Project("{FAE04EC0-301F-11D3-BF4B-00C04F79EFBC}") = "ColorChecker", "WPF\ColorChecker\ColorChecker.csproj", "{9FEA3B97-6260-4594-90BF-AEB7EF70238C}"
EndProject
Project("{FAE04EC0-301F-11D3-BF4B-00C04F79EFBC}") = "ConverterApp", "WPF\ConverterApp\ConverterApp.csproj", "{3AACAC30-028E-48F0-A248-3BB46A2ED0B3}"
EndProject
Project("{FAE04EC0-301F-11D3-BF4B-00C04F79EFBC}") = "HelloWorld", "WPF\HellowWorld\HelloWorld.csproj", "{4C35F1A8-1DBA-4C95-8D63-46E926970721}"
EndProject
Project("{FAE04EC0-301F-11D3-BF4B-00C04F79EFBC}") = "PrismObservesSample", "WPF\PrismObservesSample\PrismObservesSample.csproj", "{3DB5E132-C6E4-42E7-8042-17E0FE91AEAE}"
EndProject
Project("{FAE04EC0-301F-11D3-BF4B-00C04F79EFBC}") = "SampleUnitConverter", "WPF\SampleUnitConverter\SampleUnitConverter.csproj", "{BCFF6EF9-5006-47BA-B7A6-2E451AF6C211}"
EndProject
Global
	GlobalSection(SolutionConfigurationPlatforms) = preSolution
		Debug|Any CPU = Debug|Any CPU
		Debug|x64 = Debug|x64
		Release|Any CPU = Release|Any CPU
		Release|x64 = Release|x64
	EndGlobalSection
	GlobalSection(ProjectConfigurationPlatforms) = postSolution
		{32B7991D-6BA9-49B7-A163-058E5CFEC6A0}.Debug|Any CPU.ActiveCfg = Debug|Any CPU
		{32B7991D-6BA9-49B7-A163-058E5CFEC6A0}.Debug|Any CPU.Build.0 = Debug|Any CPU
		{32B7991D-6BA9-49B7-A163-058E5CFEC6A0}.Debug|x64.ActiveCfg = Debug|Any CPU
		{32B7991D-6BA9-49B7-A163-058E5CFEC6A0}.Debug|x64.Build.0 = Debug|Any CPU
		{32B7991D-6BA9-49B7-A163-058E5CFEC6A0}.Release|Any CPU.ActiveCfg = Release|Any CPU
		{32B7991D-6BA9-49B7-A163-058E5CFEC6A0}.Release|Any CPU.Build.0 = Release|Any CPU
		{32B7991D-6BA9-49B7-A163-058E5CFEC6A0}.Release|x64.ActiveCfg = Release|Any CPU
		{32B7991D-6BA9-49B7-A163-058E5CFEC6A0}.Release|x64.Build.0 = Release|Any CPU
		{08428B54-A54D-4D82-8F15-2A8BE7DF0E03}.Debug|Any CPU.ActiveCfg = Debug|Any CPU
		{08428B54-A54D-4D82-8F15-2A8BE7DF0E03}.Debug|Any CPU.Build.0 = Debug|Any CPU
		{08428B54-A54D-4D82-8F15-2A8BE7DF0E03}.Debug|x64.ActiveCfg = Debug|Any CPU
		{08428B54-A54D-4D82-8F15-2A8BE7DF0E03}.Debug|x64.Build.0 = Debug|Any CPU
		{08428B54-A54D-4D82-8F15-2A8BE7DF0E03}.Release|Any CPU.ActiveCfg = Release|Any CPU
		{08428B54-A54D-4D82-8F15-2A8BE7DF0E03}.Release|Any CPU.Build.0 = Release|Any CPU
		{08428B54-A54D-4D82-8F15-2A8BE7DF0E03}.Release|x64.ActiveCfg = Release|Any CPU
		{08428B54-A54D-4D82-8F15-2A8BE7DF0E03}.Release|x64.Build.0 = Release|Any CPU
		{4A905B4C-9F83-4806-B770-DC98A1D4F0E0}.Debug|Any CPU.ActiveCfg = Debug|Any CPU
		{4A905B4C-9F83-4806-B770-DC98A1D4F0E0}.Debug|Any CPU.Build.0 = Debug|Any CPU
		{4A905B4C-9F83-4806-B770-DC98A1D4F0E0}.Debug|x64.ActiveCfg = Debug|Any CPU
		{4A905B4C-9F83-4806-B770-DC98A1D4F0E0}.Debug|x64.Build.0 = Debug|Any CPU
		{4A905B4C-9F83-4806-B770-DC98A1D4F0E0}.Release|Any CPU.ActiveCfg = Release|Any CPU
		{4A905B4C-9F83-4806-B770-DC98A1D4F0E0}.Release|Any CPU.Build.0 = Release|Any CPU
		{4A905B4C-9F83-4806-B770-DC98A1D4F0E0}.Release|x64.ActiveCfg = Release|Any CPU
		{4A905B4C-9F83-4806-B770-DC98A1D4F0E0}.Release|x64.Build.0 = Release|Any CPU
		{CD4A6172-450D-4F1F-AA83-D41CF5512608}.Debug|Any CPU.ActiveCfg = Debug|Any CPU
		{CD4A6172-450D-4F1F-AA83-D41CF5512608}.Debug|Any CPU.Build.0 = Debug|Any CPU
		{CD4A6172-450D-4F1F-AA83-D41CF5512608}.Debug|x64.ActiveCfg = Debug|Any CPU
		{CD4A6172-450D-4F1F-AA83-D41CF5512608}.Debug|x64.Build.0 = Debug|Any CPU
		{CD4A6172-450D-4F1F-AA83-D41CF5512608}.Release|Any CPU.ActiveCfg = Release|Any CPU
		{CD4A6172-450D-4F1F-AA83-D41CF5512608}.Release|Any CPU.Build.0 = Release|Any CPU
		{CD4A6172-450D-4F1F-AA83-D41CF5512608}.Release|x64.ActiveCfg = Release|Any CPU
		{CD4A6172-450D-4F1F-AA83-D41CF5512608}.Release|x64.Build.0 = Release|Any CPU
		{C211E93B-B22F-4603-8C5B-1680BF470072}.Debug|Any CPU.ActiveCfg = Debug|Any CPU
		{C211E93B-B22F-4603-8C5B-1680BF470072}.Debug|Any CPU.Build.0 = Debug|Any CPU
		{C211E93B-B22F-4603-8C5B-1680BF470072}.Debug|x64.ActiveCfg = Debug|Any CPU
		{C211E93B-B22F-4603-8C5B-1680BF470072}.Debug|x64.Build.0 = Debug|Any CPU
		{C211E93B-B22F-4603-8C5B-1680BF470072}.Release|Any CPU.ActiveCfg = Release|Any CPU
		{C211E93B-B22F-4603-8C5B-1680BF470072}.Release|Any CPU.Build.0 = Release|Any CPU
		{C211E93B-B22F-4603-8C5B-1680BF470072}.Release|x64.ActiveCfg = Release|Any CPU
		{C211E93B-B22F-4603-8C5B-1680BF470072}.Release|x64.Build.0 = Release|Any CPU
		{7BD43D25-09AF-41C5-9798-31BFD056DFBA}.Debug|Any CPU.ActiveCfg = Debug|Any CPU
		{7BD43D25-09AF-41C5-9798-31BFD056DFBA}.Debug|Any CPU.Build.0 = Debug|Any CPU
		{7BD43D25-09AF-41C5-9798-31BFD056DFBA}.Debug|x64.ActiveCfg = Debug|Any CPU
		{7BD43D25-09AF-41C5-9798-31BFD056DFBA}.Debug|x64.Build.0 = Debug|Any CPU
		{7BD43D25-09AF-41C5-9798-31BFD056DFBA}.Release|Any CPU.ActiveCfg = Release|Any CPU
		{7BD43D25-09AF-41C5-9798-31BFD056DFBA}.Release|Any CPU.Build.0 = Release|Any CPU
		{7BD43D25-09AF-41C5-9798-31BFD056DFBA}.Release|x64.ActiveCfg = Release|Any CPU
		{7BD43D25-09AF-41C5-9798-31BFD056DFBA}.Release|x64.Build.0 = Release|Any CPU
		{06DC339E-429A-4B17-B787-47021F3B5BFB}.Debug|Any CPU.ActiveCfg = Debug|Any CPU
		{06DC339E-429A-4B17-B787-47021F3B5BFB}.Debug|Any CPU.Build.0 = Debug|Any CPU
		{06DC339E-429A-4B17-B787-47021F3B5BFB}.Debug|x64.ActiveCfg = Debug|Any CPU
		{06DC339E-429A-4B17-B787-47021F3B5BFB}.Debug|x64.Build.0 = Debug|Any CPU
		{06DC339E-429A-4B17-B787-47021F3B5BFB}.Release|Any CPU.ActiveCfg = Release|Any CPU
		{06DC339E-429A-4B17-B787-47021F3B5BFB}.Release|Any CPU.Build.0 = Release|Any CPU
		{06DC339E-429A-4B17-B787-47021F3B5BFB}.Release|x64.ActiveCfg = Release|Any CPU
		{06DC339E-429A-4B17-B787-47021F3B5BFB}.Release|x64.Build.0 = Release|Any CPU
		{DE75CAE1-0A1D-4E81-9A7A-0B10B558134C}.Debug|Any CPU.ActiveCfg = Debug|Any CPU
		{DE75CAE1-0A1D-4E81-9A7A-0B10B558134C}.Debug|Any CPU.Build.0 = Debug|Any CPU
		{DE75CAE1-0A1D-4E81-9A7A-0B10B558134C}.Debug|x64.ActiveCfg = Debug|Any CPU
		{DE75CAE1-0A1D-4E81-9A7A-0B10B558134C}.Debug|x64.Build.0 = Debug|Any CPU
		{DE75CAE1-0A1D-4E81-9A7A-0B10B558134C}.Release|Any CPU.ActiveCfg = Release|Any CPU
		{DE75CAE1-0A1D-4E81-9A7A-0B10B558134C}.Release|Any CPU.Build.0 = Release|Any CPU
		{DE75CAE1-0A1D-4E81-9A7A-0B10B558134C}.Release|x64.ActiveCfg = Release|Any CPU
		{DE75CAE1-0A1D-4E81-9A7A-0B10B558134C}.Release|x64.Build.0 = Release|Any CPU
		{2D1459D4-F079-4D34-BDFA-A6B339B8E4BA}.Debug|Any CPU.ActiveCfg = Debug|Any CPU
		{2D1459D4-F079-4D34-BDFA-A6B339B8E4BA}.Debug|Any CPU.Build.0 = Debug|Any CPU
		{2D1459D4-F079-4D34-BDFA-A6B339B8E4BA}.Debug|x64.ActiveCfg = Debug|Any CPU
		{2D1459D4-F079-4D34-BDFA-A6B339B8E4BA}.Debug|x64.Build.0 = Debug|Any CPU
		{2D1459D4-F079-4D34-BDFA-A6B339B8E4BA}.Release|Any CPU.ActiveCfg = Release|Any CPU
		{2D1459D4-F079-4D34-BDFA-A6B339B8E4BA}.Release|Any CPU.Build.0 = Release|Any CPU
		{2D1459D4-F079-4D34-BDFA-A6B339B8E4BA}.Release|x64.ActiveCfg = Release|Any CPU
		{2D1459D4-F079-4D34-BDFA-A6B339B8E4BA}.Release|x64.Build.0 = Release|Any CPU
		{324EAD56-A2D3-425C-8DCE-CDF575D83FD7}.Debug|Any CPU.ActiveCfg = Debug|Any CPU
		{324EAD56-A2D3-425C-8DCE-CDF575D83FD7}.Debug|Any CPU.Build.0 = Debug|Any CPU
		{324EAD56-A2D3-425C-8DCE-CDF575D83FD7}.Debug|x64.ActiveCfg = Debug|Any CPU
		{324EAD56-A2D3-425C-8DCE-CDF575D83FD7}.Debug|x64.Build.0 = Debug|Any CPU
		{324EAD56-A2D3-425C-8DCE-CDF575D83FD7}.Release|Any CPU.ActiveCfg = Release|Any CPU
		{324EAD56-A2D3-425C-8DCE-CDF575D83FD7}.Release|Any CPU.Build.0 = Release|Any CPU
		{324EAD56-A2D3-425C-8DCE-CDF575D83FD7}.Release|x64.ActiveCfg = Release|Any CPU
		{324EAD56-A2D3-425C-8DCE-CDF575D83FD7}.Release|x64.Build.0 = Release|Any CPU
		{049D89B3-4224-4E95-9DF4-589A55B828EF}.Debug|Any CPU.ActiveCfg = Debug|Any CPU
		{049D89B3-4224-4E95-9DF4-589A55B828EF}.Debug|Any CPU.Build.0 = Debug|Any CPU
		{049D89B3-4224-4E95-9DF4-589A55B828EF}.Debug|x64.ActiveCfg = Debug|Any CPU
		{049D89B3-4224-4E95-9DF4-589A55B828EF}.Debug|x64.Build.0 = Debug|Any CPU
		{049D89B3-4224-4E95-9DF4-589A55B828EF}.Release|Any CPU.ActiveCfg = Release|Any CPU
		{049D89B3-4224-4E95-9DF4-589A55B828EF}.Release|Any CPU.Build.0 = Release|Any CPU
		{049D89B3-4224-4E95-9DF4-589A55B828EF}.Release|x64.ActiveCfg = Release|Any CPU
		{049D89B3-4224-4E95-9DF4-589A55B828EF}.Release|x64.Build.0 = Release|Any CPU
		{F5B0F9E4-29E1-4356-9B5E-5C0E59FF754F}.Debug|Any CPU.ActiveCfg = Debug|Any CPU
		{F5B0F9E4-29E1-4356-9B5E-5C0E59FF754F}.Debug|Any CPU.Build.0 = Debug|Any CPU
		{F5B0F9E4-29E1-4356-9B5E-5C0E59FF754F}.Debug|x64.ActiveCfg = Debug|Any CPU
		{F5B0F9E4-29E1-4356-9B5E-5C0E59FF754F}.Debug|x64.Build.0 = Debug|Any CPU
		{F5B0F9E4-29E1-4356-9B5E-5C0E59FF754F}.Release|Any CPU.ActiveCfg = Release|Any CPU
		{F5B0F9E4-29E1-4356-9B5E-5C0E59FF754F}.Release|Any CPU.Build.0 = Release|Any CPU
		{F5B0F9E4-29E1-4356-9B5E-5C0E59FF754F}.Release|x64.ActiveCfg = Release|Any CPU
		{F5B0F9E4-29E1-4356-9B5E-5C0E59FF754F}.Release|x64.Build.0 = Release|Any CPU
		{7E920D66-718C-4AE1-923F-3DF81E7B047A}.Debug|Any CPU.ActiveCfg = Debug|Any CPU
		{7E920D66-718C-4AE1-923F-3DF81E7B047A}.Debug|Any CPU.Build.0 = Debug|Any CPU
		{7E920D66-718C-4AE1-923F-3DF81E7B047A}.Debug|x64.ActiveCfg = Debug|Any CPU
		{7E920D66-718C-4AE1-923F-3DF81E7B047A}.Debug|x64.Build.0 = Debug|Any CPU
		{7E920D66-718C-4AE1-923F-3DF81E7B047A}.Release|Any CPU.ActiveCfg = Release|Any CPU
		{7E920D66-718C-4AE1-923F-3DF81E7B047A}.Release|Any CPU.Build.0 = Release|Any CPU
		{7E920D66-718C-4AE1-923F-3DF81E7B047A}.Release|x64.ActiveCfg = Release|Any CPU
		{7E920D66-718C-4AE1-923F-3DF81E7B047A}.Release|x64.Build.0 = Release|Any CPU
		{684F2D3B-A546-4995-A1F8-27F891F97BC6}.Debug|Any CPU.ActiveCfg = Debug|Any CPU
		{684F2D3B-A546-4995-A1F8-27F891F97BC6}.Debug|Any CPU.Build.0 = Debug|Any CPU
		{684F2D3B-A546-4995-A1F8-27F891F97BC6}.Debug|x64.ActiveCfg = Debug|Any CPU
		{684F2D3B-A546-4995-A1F8-27F891F97BC6}.Debug|x64.Build.0 = Debug|Any CPU
		{684F2D3B-A546-4995-A1F8-27F891F97BC6}.Release|Any CPU.ActiveCfg = Release|Any CPU
		{684F2D3B-A546-4995-A1F8-27F891F97BC6}.Release|Any CPU.Build.0 = Release|Any CPU
		{684F2D3B-A546-4995-A1F8-27F891F97BC6}.Release|x64.ActiveCfg = Release|Any CPU
		{684F2D3B-A546-4995-A1F8-27F891F97BC6}.Release|x64.Build.0 = Release|Any CPU
		{26FD3820-4F57-46F8-9D0B-AFF1EC064C62}.Debug|Any CPU.ActiveCfg = Debug|Any CPU
		{26FD3820-4F57-46F8-9D0B-AFF1EC064C62}.Debug|Any CPU.Build.0 = Debug|Any CPU
		{26FD3820-4F57-46F8-9D0B-AFF1EC064C62}.Debug|x64.ActiveCfg = Debug|Any CPU
		{26FD3820-4F57-46F8-9D0B-AFF1EC064C62}.Debug|x64.Build.0 = Debug|Any CPU
		{26FD3820-4F57-46F8-9D0B-AFF1EC064C62}.Release|Any CPU.ActiveCfg = Release|Any CPU
		{26FD3820-4F57-46F8-9D0B-AFF1EC064C62}.Release|Any CPU.Build.0 = Release|Any CPU
		{26FD3820-4F57-46F8-9D0B-AFF1EC064C62}.Release|x64.ActiveCfg = Release|Any CPU
		{26FD3820-4F57-46F8-9D0B-AFF1EC064C62}.Release|x64.Build.0 = Release|Any CPU
		{7D1D87E8-FF09-47C8-BF60-DD12E007E345}.Debug|Any CPU.ActiveCfg = Debug|Any CPU
		{7D1D87E8-FF09-47C8-BF60-DD12E007E345}.Debug|Any CPU.Build.0 = Debug|Any CPU
		{7D1D87E8-FF09-47C8-BF60-DD12E007E345}.Debug|x64.ActiveCfg = Debug|Any CPU
		{7D1D87E8-FF09-47C8-BF60-DD12E007E345}.Debug|x64.Build.0 = Debug|Any CPU
		{7D1D87E8-FF09-47C8-BF60-DD12E007E345}.Release|Any CPU.ActiveCfg = Release|Any CPU
		{7D1D87E8-FF09-47C8-BF60-DD12E007E345}.Release|Any CPU.Build.0 = Release|Any CPU
		{7D1D87E8-FF09-47C8-BF60-DD12E007E345}.Release|x64.ActiveCfg = Release|Any CPU
		{7D1D87E8-FF09-47C8-BF60-DD12E007E345}.Release|x64.Build.0 = Release|Any CPU
		{7649EF2C-5591-4983-9C35-BEFE79D7AF93}.Debug|Any CPU.ActiveCfg = Debug|Any CPU
		{7649EF2C-5591-4983-9C35-BEFE79D7AF93}.Debug|Any CPU.Build.0 = Debug|Any CPU
		{7649EF2C-5591-4983-9C35-BEFE79D7AF93}.Debug|x64.ActiveCfg = Debug|Any CPU
		{7649EF2C-5591-4983-9C35-BEFE79D7AF93}.Debug|x64.Build.0 = Debug|Any CPU
		{7649EF2C-5591-4983-9C35-BEFE79D7AF93}.Release|Any CPU.ActiveCfg = Release|Any CPU
		{7649EF2C-5591-4983-9C35-BEFE79D7AF93}.Release|Any CPU.Build.0 = Release|Any CPU
		{7649EF2C-5591-4983-9C35-BEFE79D7AF93}.Release|x64.ActiveCfg = Release|Any CPU
		{7649EF2C-5591-4983-9C35-BEFE79D7AF93}.Release|x64.Build.0 = Release|Any CPU
		{87DE56B4-AE9F-4937-9DCC-B6A0BBBB1978}.Debug|Any CPU.ActiveCfg = Debug|Any CPU
		{87DE56B4-AE9F-4937-9DCC-B6A0BBBB1978}.Debug|Any CPU.Build.0 = Debug|Any CPU
		{87DE56B4-AE9F-4937-9DCC-B6A0BBBB1978}.Debug|x64.ActiveCfg = Debug|Any CPU
		{87DE56B4-AE9F-4937-9DCC-B6A0BBBB1978}.Debug|x64.Build.0 = Debug|Any CPU
		{87DE56B4-AE9F-4937-9DCC-B6A0BBBB1978}.Release|Any CPU.ActiveCfg = Release|Any CPU
		{87DE56B4-AE9F-4937-9DCC-B6A0BBBB1978}.Release|Any CPU.Build.0 = Release|Any CPU
		{87DE56B4-AE9F-4937-9DCC-B6A0BBBB1978}.Release|x64.ActiveCfg = Release|Any CPU
		{87DE56B4-AE9F-4937-9DCC-B6A0BBBB1978}.Release|x64.Build.0 = Release|Any CPU
		{772FEF06-94EB-48D1-A68C-275C43B91C6F}.Debug|Any CPU.ActiveCfg = Debug|Any CPU
		{772FEF06-94EB-48D1-A68C-275C43B91C6F}.Debug|Any CPU.Build.0 = Debug|Any CPU
		{772FEF06-94EB-48D1-A68C-275C43B91C6F}.Debug|x64.ActiveCfg = Debug|Any CPU
		{772FEF06-94EB-48D1-A68C-275C43B91C6F}.Debug|x64.Build.0 = Debug|Any CPU
		{772FEF06-94EB-48D1-A68C-275C43B91C6F}.Release|Any CPU.ActiveCfg = Release|Any CPU
		{772FEF06-94EB-48D1-A68C-275C43B91C6F}.Release|Any CPU.Build.0 = Release|Any CPU
		{772FEF06-94EB-48D1-A68C-275C43B91C6F}.Release|x64.ActiveCfg = Release|Any CPU
		{772FEF06-94EB-48D1-A68C-275C43B91C6F}.Release|x64.Build.0 = Release|Any CPU
		{E5AEDD1A-52B8-4461-8C3F-99EBCAF135F4}.Debug|Any CPU.ActiveCfg = Debug|Any CPU
		{E5AEDD1A-52B8-4461-8C3F-99EBCAF135F4}.Debug|Any CPU.Build.0 = Debug|Any CPU
		{E5AEDD1A-52B8-4461-8C3F-99EBCAF135F4}.Debug|x64.ActiveCfg = Debug|Any CPU
		{E5AEDD1A-52B8-4461-8C3F-99EBCAF135F4}.Debug|x64.Build.0 = Debug|Any CPU
		{E5AEDD1A-52B8-4461-8C3F-99EBCAF135F4}.Release|Any CPU.ActiveCfg = Release|Any CPU
		{E5AEDD1A-52B8-4461-8C3F-99EBCAF135F4}.Release|Any CPU.Build.0 = Release|Any CPU
		{E5AEDD1A-52B8-4461-8C3F-99EBCAF135F4}.Release|x64.ActiveCfg = Release|Any CPU
		{E5AEDD1A-52B8-4461-8C3F-99EBCAF135F4}.Release|x64.Build.0 = Release|Any CPU
		{88061025-8E76-4F9E-AD01-AD8B7FD6CBBE}.Debug|Any CPU.ActiveCfg = Debug|Any CPU
		{88061025-8E76-4F9E-AD01-AD8B7FD6CBBE}.Debug|Any CPU.Build.0 = Debug|Any CPU
		{88061025-8E76-4F9E-AD01-AD8B7FD6CBBE}.Debug|x64.ActiveCfg = Debug|Any CPU
		{88061025-8E76-4F9E-AD01-AD8B7FD6CBBE}.Debug|x64.Build.0 = Debug|Any CPU
		{88061025-8E76-4F9E-AD01-AD8B7FD6CBBE}.Release|Any CPU.ActiveCfg = Release|Any CPU
		{88061025-8E76-4F9E-AD01-AD8B7FD6CBBE}.Release|Any CPU.Build.0 = Release|Any CPU
		{88061025-8E76-4F9E-AD01-AD8B7FD6CBBE}.Release|x64.ActiveCfg = Release|Any CPU
		{88061025-8E76-4F9E-AD01-AD8B7FD6CBBE}.Release|x64.Build.0 = Release|Any CPU
		{D64BA53D-23F4-4CAA-9F3F-E58DC1C27FFD}.Debug|Any CPU.ActiveCfg = Debug|Any CPU
		{D64BA53D-23F4-4CAA-9F3F-E58DC1C27FFD}.Debug|Any CPU.Build.0 = Debug|Any CPU
		{D64BA53D-23F4-4CAA-9F3F-E58DC1C27FFD}.Debug|x64.ActiveCfg = Debug|Any CPU
		{D64BA53D-23F4-4CAA-9F3F-E58DC1C27FFD}.Debug|x64.Build.0 = Debug|Any CPU
		{D64BA53D-23F4-4CAA-9F3F-E58DC1C27FFD}.Release|Any CPU.ActiveCfg = Release|Any CPU
		{D64BA53D-23F4-4CAA-9F3F-E58DC1C27FFD}.Release|Any CPU.Build.0 = Release|Any CPU
		{D64BA53D-23F4-4CAA-9F3F-E58DC1C27FFD}.Release|x64.ActiveCfg = Release|Any CPU
		{D64BA53D-23F4-4CAA-9F3F-E58DC1C27FFD}.Release|x64.Build.0 = Release|Any CPU
		{3557267C-D71A-47C8-8AAE-1ED00B153F0F}.Debug|Any CPU.ActiveCfg = Debug|Any CPU
		{3557267C-D71A-47C8-8AAE-1ED00B153F0F}.Debug|Any CPU.Build.0 = Debug|Any CPU
		{3557267C-D71A-47C8-8AAE-1ED00B153F0F}.Debug|x64.ActiveCfg = Debug|Any CPU
		{3557267C-D71A-47C8-8AAE-1ED00B153F0F}.Debug|x64.Build.0 = Debug|Any CPU
		{3557267C-D71A-47C8-8AAE-1ED00B153F0F}.Release|Any CPU.ActiveCfg = Release|Any CPU
		{3557267C-D71A-47C8-8AAE-1ED00B153F0F}.Release|Any CPU.Build.0 = Release|Any CPU
		{3557267C-D71A-47C8-8AAE-1ED00B153F0F}.Release|x64.ActiveCfg = Release|Any CPU
		{3557267C-D71A-47C8-8AAE-1ED00B153F0F}.Release|x64.Build.0 = Release|Any CPU
		{1B1E334F-24F8-47D3-B532-D70BDF3E3BBD}.Debug|Any CPU.ActiveCfg = Debug|Any CPU
		{1B1E334F-24F8-47D3-B532-D70BDF3E3BBD}.Debug|Any CPU.Build.0 = Debug|Any CPU
		{1B1E334F-24F8-47D3-B532-D70BDF3E3BBD}.Debug|x64.ActiveCfg = Debug|Any CPU
		{1B1E334F-24F8-47D3-B532-D70BDF3E3BBD}.Debug|x64.Build.0 = Debug|Any CPU
		{1B1E334F-24F8-47D3-B532-D70BDF3E3BBD}.Release|Any CPU.ActiveCfg = Release|Any CPU
		{1B1E334F-24F8-47D3-B532-D70BDF3E3BBD}.Release|Any CPU.Build.0 = Release|Any CPU
		{1B1E334F-24F8-47D3-B532-D70BDF3E3BBD}.Release|x64.ActiveCfg = Release|Any CPU
		{1B1E334F-24F8-47D3-B532-D70BDF3E3BBD}.Release|x64.Build.0 = Release|Any CPU
		{A764ACA7-CAB6-429E-8C41-D3965BADAEA2}.Debug|Any CPU.ActiveCfg = Debug|Any CPU
		{A764ACA7-CAB6-429E-8C41-D3965BADAEA2}.Debug|Any CPU.Build.0 = Debug|Any CPU
		{A764ACA7-CAB6-429E-8C41-D3965BADAEA2}.Debug|x64.ActiveCfg = Debug|Any CPU
		{A764ACA7-CAB6-429E-8C41-D3965BADAEA2}.Debug|x64.Build.0 = Debug|Any CPU
		{A764ACA7-CAB6-429E-8C41-D3965BADAEA2}.Release|Any CPU.ActiveCfg = Release|Any CPU
		{A764ACA7-CAB6-429E-8C41-D3965BADAEA2}.Release|Any CPU.Build.0 = Release|Any CPU
		{A764ACA7-CAB6-429E-8C41-D3965BADAEA2}.Release|x64.ActiveCfg = Release|Any CPU
		{A764ACA7-CAB6-429E-8C41-D3965BADAEA2}.Release|x64.Build.0 = Release|Any CPU
		{A424740D-674C-4F13-8433-9DB6D31E80A4}.Debug|Any CPU.ActiveCfg = Debug|Any CPU
		{A424740D-674C-4F13-8433-9DB6D31E80A4}.Debug|Any CPU.Build.0 = Debug|Any CPU
		{A424740D-674C-4F13-8433-9DB6D31E80A4}.Debug|x64.ActiveCfg = Debug|Any CPU
		{A424740D-674C-4F13-8433-9DB6D31E80A4}.Debug|x64.Build.0 = Debug|Any CPU
		{A424740D-674C-4F13-8433-9DB6D31E80A4}.Release|Any CPU.ActiveCfg = Release|Any CPU
		{A424740D-674C-4F13-8433-9DB6D31E80A4}.Release|Any CPU.Build.0 = Release|Any CPU
		{A424740D-674C-4F13-8433-9DB6D31E80A4}.Release|x64.ActiveCfg = Release|Any CPU
		{A424740D-674C-4F13-8433-9DB6D31E80A4}.Release|x64.Build.0 = Release|Any CPU
		{9B011A6D-C08D-41AF-8C45-F124EF94CCE9}.Debug|Any CPU.ActiveCfg = Debug|Any CPU
		{9B011A6D-C08D-41AF-8C45-F124EF94CCE9}.Debug|Any CPU.Build.0 = Debug|Any CPU
		{9B011A6D-C08D-41AF-8C45-F124EF94CCE9}.Debug|x64.ActiveCfg = Debug|Any CPU
		{9B011A6D-C08D-41AF-8C45-F124EF94CCE9}.Debug|x64.Build.0 = Debug|Any CPU
		{9B011A6D-C08D-41AF-8C45-F124EF94CCE9}.Release|Any CPU.ActiveCfg = Release|Any CPU
		{9B011A6D-C08D-41AF-8C45-F124EF94CCE9}.Release|Any CPU.Build.0 = Release|Any CPU
		{9B011A6D-C08D-41AF-8C45-F124EF94CCE9}.Release|x64.ActiveCfg = Release|Any CPU
		{9B011A6D-C08D-41AF-8C45-F124EF94CCE9}.Release|x64.Build.0 = Release|Any CPU
		{26866983-B7AD-4F09-A8BF-00FE55D92FEA}.Debug|Any CPU.ActiveCfg = Debug|Any CPU
		{26866983-B7AD-4F09-A8BF-00FE55D92FEA}.Debug|Any CPU.Build.0 = Debug|Any CPU
		{26866983-B7AD-4F09-A8BF-00FE55D92FEA}.Debug|x64.ActiveCfg = Debug|Any CPU
		{26866983-B7AD-4F09-A8BF-00FE55D92FEA}.Debug|x64.Build.0 = Debug|Any CPU
		{26866983-B7AD-4F09-A8BF-00FE55D92FEA}.Release|Any CPU.ActiveCfg = Release|Any CPU
		{26866983-B7AD-4F09-A8BF-00FE55D92FEA}.Release|Any CPU.Build.0 = Release|Any CPU
		{26866983-B7AD-4F09-A8BF-00FE55D92FEA}.Release|x64.ActiveCfg = Release|Any CPU
		{26866983-B7AD-4F09-A8BF-00FE55D92FEA}.Release|x64.Build.0 = Release|Any CPU
		{C8D47533-E21C-4124-AA40-D64DCB19B749}.Debug|Any CPU.ActiveCfg = Debug|Any CPU
		{C8D47533-E21C-4124-AA40-D64DCB19B749}.Debug|Any CPU.Build.0 = Debug|Any CPU
		{C8D47533-E21C-4124-AA40-D64DCB19B749}.Debug|x64.ActiveCfg = Debug|Any CPU
		{C8D47533-E21C-4124-AA40-D64DCB19B749}.Debug|x64.Build.0 = Debug|Any CPU
		{C8D47533-E21C-4124-AA40-D64DCB19B749}.Release|Any CPU.ActiveCfg = Release|Any CPU
		{C8D47533-E21C-4124-AA40-D64DCB19B749}.Release|Any CPU.Build.0 = Release|Any CPU
		{C8D47533-E21C-4124-AA40-D64DCB19B749}.Release|x64.ActiveCfg = Release|Any CPU
		{C8D47533-E21C-4124-AA40-D64DCB19B749}.Release|x64.Build.0 = Release|Any CPU
		{BA3B5C5E-D6A4-39ED-6760-036CDB62E249}.Debug|Any CPU.ActiveCfg = Debug|Any CPU
		{BA3B5C5E-D6A4-39ED-6760-036CDB62E249}.Debug|Any CPU.Build.0 = Debug|Any CPU
		{BA3B5C5E-D6A4-39ED-6760-036CDB62E249}.Debug|x64.ActiveCfg = Debug|Any CPU
		{BA3B5C5E-D6A4-39ED-6760-036CDB62E249}.Debug|x64.Build.0 = Debug|Any CPU
		{BA3B5C5E-D6A4-39ED-6760-036CDB62E249}.Release|Any CPU.ActiveCfg = Release|Any CPU
		{BA3B5C5E-D6A4-39ED-6760-036CDB62E249}.Release|Any CPU.Build.0 = Release|Any CPU
		{BA3B5C5E-D6A4-39ED-6760-036CDB62E249}.Release|x64.ActiveCfg = Release|Any CPU
		{BA3B5C5E-D6A4-39ED-6760-036CDB62E249}.Release|x64.Build.0 = Release|Any CPU
		{878F39B6-5226-471B-A051-A12622FD9863}.Debug|Any CPU.ActiveCfg = Debug|Any CPU
		{878F39B6-5226-471B-A051-A12622FD9863}.Debug|Any CPU.Build.0 = Debug|Any CPU
		{878F39B6-5226-471B-A051-A12622FD9863}.Debug|x64.ActiveCfg = Debug|Any CPU
		{878F39B6-5226-471B-A051-A12622FD9863}.Debug|x64.Build.0 = Debug|Any CPU
		{878F39B6-5226-471B-A051-A12622FD9863}.Release|Any CPU.ActiveCfg = Release|Any CPU
		{878F39B6-5226-471B-A051-A12622FD9863}.Release|Any CPU.Build.0 = Release|Any CPU
		{878F39B6-5226-471B-A051-A12622FD9863}.Release|x64.ActiveCfg = Release|Any CPU
		{878F39B6-5226-471B-A051-A12622FD9863}.Release|x64.Build.0 = Release|Any CPU
		{6BC72256-AD96-44FF-9E9C-41004BB1ABB1}.Debug|Any CPU.ActiveCfg = Debug|Any CPU
		{6BC72256-AD96-44FF-9E9C-41004BB1ABB1}.Debug|Any CPU.Build.0 = Debug|Any CPU
		{6BC72256-AD96-44FF-9E9C-41004BB1ABB1}.Debug|x64.ActiveCfg = Debug|Any CPU
		{6BC72256-AD96-44FF-9E9C-41004BB1ABB1}.Debug|x64.Build.0 = Debug|Any CPU
		{6BC72256-AD96-44FF-9E9C-41004BB1ABB1}.Release|Any CPU.ActiveCfg = Release|Any CPU
		{6BC72256-AD96-44FF-9E9C-41004BB1ABB1}.Release|Any CPU.Build.0 = Release|Any CPU
		{6BC72256-AD96-44FF-9E9C-41004BB1ABB1}.Release|x64.ActiveCfg = Release|Any CPU
		{6BC72256-AD96-44FF-9E9C-41004BB1ABB1}.Release|x64.Build.0 = Release|Any CPU
		{6EF7678A-A725-F430-3097-30F090C0100A}.Debug|Any CPU.ActiveCfg = Debug|Any CPU
		{6EF7678A-A725-F430-3097-30F090C0100A}.Debug|Any CPU.Build.0 = Debug|Any CPU
		{6EF7678A-A725-F430-3097-30F090C0100A}.Debug|x64.ActiveCfg = Debug|Any CPU
		{6EF7678A-A725-F430-3097-30F090C0100A}.Debug|x64.Build.0 = Debug|Any CPU
		{6EF7678A-A725-F430-3097-30F090C0100A}.Release|Any CPU.ActiveCfg = Release|Any CPU
		{6EF7678A-A725-F430-3097-30F090C0100A}.Release|Any CPU.Build.0 = Release|Any CPU
		{6EF7678A-A725-F430-3097-30F090C0100A}.Release|x64.ActiveCfg = Release|Any CPU
		{6EF7678A-A725-F430-3097-30F090C0100A}.Release|x64.Build.0 = Release|Any CPU
		{010D0C11-D6A2-3CA6-3281-4E0FD547EC2D}.Debug|Any CPU.ActiveCfg = Debug|Any CPU
		{010D0C11-D6A2-3CA6-3281-4E0FD547EC2D}.Debug|Any CPU.Build.0 = Debug|Any CPU
		{010D0C11-D6A2-3CA6-3281-4E0FD547EC2D}.Debug|x64.ActiveCfg = Debug|Any CPU
		{010D0C11-D6A2-3CA6-3281-4E0FD547EC2D}.Debug|x64.Build.0 = Debug|Any CPU
		{010D0C11-D6A2-3CA6-3281-4E0FD547EC2D}.Release|Any CPU.ActiveCfg = Release|Any CPU
		{010D0C11-D6A2-3CA6-3281-4E0FD547EC2D}.Release|Any CPU.Build.0 = Release|Any CPU
		{010D0C11-D6A2-3CA6-3281-4E0FD547EC2D}.Release|x64.ActiveCfg = Release|Any CPU
		{010D0C11-D6A2-3CA6-3281-4E0FD547EC2D}.Release|x64.Build.0 = Release|Any CPU
		{DB7500F4-4CE0-4495-8016-5B9019050D4A}.Debug|Any CPU.ActiveCfg = Debug|Any CPU
		{DB7500F4-4CE0-4495-8016-5B9019050D4A}.Debug|Any CPU.Build.0 = Debug|Any CPU
		{DB7500F4-4CE0-4495-8016-5B9019050D4A}.Debug|x64.ActiveCfg = Debug|Any CPU
		{DB7500F4-4CE0-4495-8016-5B9019050D4A}.Debug|x64.Build.0 = Debug|Any CPU
		{DB7500F4-4CE0-4495-8016-5B9019050D4A}.Release|Any CPU.ActiveCfg = Release|Any CPU
		{DB7500F4-4CE0-4495-8016-5B9019050D4A}.Release|Any CPU.Build.0 = Release|Any CPU
		{DB7500F4-4CE0-4495-8016-5B9019050D4A}.Release|x64.ActiveCfg = Release|Any CPU
		{DB7500F4-4CE0-4495-8016-5B9019050D4A}.Release|x64.Build.0 = Release|Any CPU
		{B02866A4-0155-41BD-B04E-8D1684155AC1}.Debug|Any CPU.ActiveCfg = Debug|Any CPU
		{B02866A4-0155-41BD-B04E-8D1684155AC1}.Debug|Any CPU.Build.0 = Debug|Any CPU
		{B02866A4-0155-41BD-B04E-8D1684155AC1}.Debug|x64.ActiveCfg = Debug|Any CPU
		{B02866A4-0155-41BD-B04E-8D1684155AC1}.Debug|x64.Build.0 = Debug|Any CPU
		{B02866A4-0155-41BD-B04E-8D1684155AC1}.Release|Any CPU.ActiveCfg = Release|Any CPU
		{B02866A4-0155-41BD-B04E-8D1684155AC1}.Release|Any CPU.Build.0 = Release|Any CPU
		{B02866A4-0155-41BD-B04E-8D1684155AC1}.Release|x64.ActiveCfg = Release|Any CPU
		{B02866A4-0155-41BD-B04E-8D1684155AC1}.Release|x64.Build.0 = Release|Any CPU
		{52442FBF-AB1E-12BC-8344-0695887AC3CB}.Debug|Any CPU.ActiveCfg = Debug|Any CPU
		{52442FBF-AB1E-12BC-8344-0695887AC3CB}.Debug|Any CPU.Build.0 = Debug|Any CPU
		{52442FBF-AB1E-12BC-8344-0695887AC3CB}.Debug|x64.ActiveCfg = Debug|Any CPU
		{52442FBF-AB1E-12BC-8344-0695887AC3CB}.Debug|x64.Build.0 = Debug|Any CPU
		{52442FBF-AB1E-12BC-8344-0695887AC3CB}.Release|Any CPU.ActiveCfg = Release|Any CPU
		{52442FBF-AB1E-12BC-8344-0695887AC3CB}.Release|Any CPU.Build.0 = Release|Any CPU
		{52442FBF-AB1E-12BC-8344-0695887AC3CB}.Release|x64.ActiveCfg = Release|Any CPU
		{52442FBF-AB1E-12BC-8344-0695887AC3CB}.Release|x64.Build.0 = Release|Any CPU
		{13EA441B-E72F-5CA2-D5D4-B3F52139D7CF}.Debug|Any CPU.ActiveCfg = Debug|Any CPU
		{13EA441B-E72F-5CA2-D5D4-B3F52139D7CF}.Debug|Any CPU.Build.0 = Debug|Any CPU
		{13EA441B-E72F-5CA2-D5D4-B3F52139D7CF}.Debug|x64.ActiveCfg = Debug|Any CPU
		{13EA441B-E72F-5CA2-D5D4-B3F52139D7CF}.Debug|x64.Build.0 = Debug|Any CPU
		{13EA441B-E72F-5CA2-D5D4-B3F52139D7CF}.Release|Any CPU.ActiveCfg = Release|Any CPU
		{13EA441B-E72F-5CA2-D5D4-B3F52139D7CF}.Release|Any CPU.Build.0 = Release|Any CPU
		{13EA441B-E72F-5CA2-D5D4-B3F52139D7CF}.Release|x64.ActiveCfg = Release|Any CPU
		{13EA441B-E72F-5CA2-D5D4-B3F52139D7CF}.Release|x64.Build.0 = Release|Any CPU
		{2C8E87D8-DDE5-4043-B4E4-6B2545908DF2}.Debug|Any CPU.ActiveCfg = Debug|Any CPU
		{2C8E87D8-DDE5-4043-B4E4-6B2545908DF2}.Debug|Any CPU.Build.0 = Debug|Any CPU
		{2C8E87D8-DDE5-4043-B4E4-6B2545908DF2}.Debug|x64.ActiveCfg = Debug|Any CPU
		{2C8E87D8-DDE5-4043-B4E4-6B2545908DF2}.Debug|x64.Build.0 = Debug|Any CPU
		{2C8E87D8-DDE5-4043-B4E4-6B2545908DF2}.Release|Any CPU.ActiveCfg = Release|Any CPU
		{2C8E87D8-DDE5-4043-B4E4-6B2545908DF2}.Release|Any CPU.Build.0 = Release|Any CPU
		{2C8E87D8-DDE5-4043-B4E4-6B2545908DF2}.Release|x64.ActiveCfg = Release|Any CPU
		{2C8E87D8-DDE5-4043-B4E4-6B2545908DF2}.Release|x64.Build.0 = Release|Any CPU
		{72193F38-645F-485B-BC53-527BC8534C27}.Debug|Any CPU.ActiveCfg = Debug|Any CPU
		{72193F38-645F-485B-BC53-527BC8534C27}.Debug|Any CPU.Build.0 = Debug|Any CPU
		{72193F38-645F-485B-BC53-527BC8534C27}.Debug|x64.ActiveCfg = Debug|Any CPU
		{72193F38-645F-485B-BC53-527BC8534C27}.Debug|x64.Build.0 = Debug|Any CPU
		{72193F38-645F-485B-BC53-527BC8534C27}.Release|Any CPU.ActiveCfg = Release|Any CPU
		{72193F38-645F-485B-BC53-527BC8534C27}.Release|Any CPU.Build.0 = Release|Any CPU
		{72193F38-645F-485B-BC53-527BC8534C27}.Release|x64.ActiveCfg = Release|Any CPU
		{72193F38-645F-485B-BC53-527BC8534C27}.Release|x64.Build.0 = Release|Any CPU
		{20B02D92-DE7B-4890-8D0D-58E4E2BFA62A}.Debug|Any CPU.ActiveCfg = Debug|Any CPU
		{20B02D92-DE7B-4890-8D0D-58E4E2BFA62A}.Debug|Any CPU.Build.0 = Debug|Any CPU
		{20B02D92-DE7B-4890-8D0D-58E4E2BFA62A}.Debug|x64.ActiveCfg = Debug|Any CPU
		{20B02D92-DE7B-4890-8D0D-58E4E2BFA62A}.Debug|x64.Build.0 = Debug|Any CPU
		{20B02D92-DE7B-4890-8D0D-58E4E2BFA62A}.Release|Any CPU.ActiveCfg = Release|Any CPU
		{20B02D92-DE7B-4890-8D0D-58E4E2BFA62A}.Release|Any CPU.Build.0 = Release|Any CPU
		{20B02D92-DE7B-4890-8D0D-58E4E2BFA62A}.Release|x64.ActiveCfg = Release|Any CPU
		{20B02D92-DE7B-4890-8D0D-58E4E2BFA62A}.Release|x64.Build.0 = Release|Any CPU
		{E6C8E64D-B934-C1C8-F055-0F1ACBBA9924}.Debug|Any CPU.ActiveCfg = Release|x64
		{E6C8E64D-B934-C1C8-F055-0F1ACBBA9924}.Debug|x64.ActiveCfg = Release|x64
		{E6C8E64D-B934-C1C8-F055-0F1ACBBA9924}.Release|Any CPU.ActiveCfg = Release|x64
		{E6C8E64D-B934-C1C8-F055-0F1ACBBA9924}.Release|x64.ActiveCfg = Release|x64
		{414DFFD5-4A0F-DD91-933A-D9585859A325}.Debug|Any CPU.ActiveCfg = Debug|Any CPU
		{414DFFD5-4A0F-DD91-933A-D9585859A325}.Debug|Any CPU.Build.0 = Debug|Any CPU
		{414DFFD5-4A0F-DD91-933A-D9585859A325}.Debug|x64.ActiveCfg = Debug|Any CPU
		{414DFFD5-4A0F-DD91-933A-D9585859A325}.Debug|x64.Build.0 = Debug|Any CPU
		{414DFFD5-4A0F-DD91-933A-D9585859A325}.Release|Any CPU.ActiveCfg = Release|Any CPU
		{414DFFD5-4A0F-DD91-933A-D9585859A325}.Release|Any CPU.Build.0 = Release|Any CPU
		{414DFFD5-4A0F-DD91-933A-D9585859A325}.Release|x64.ActiveCfg = Release|Any CPU
		{414DFFD5-4A0F-DD91-933A-D9585859A325}.Release|x64.Build.0 = Release|Any CPU
		{43D000A4-F2EA-4F8E-9542-05C5BE2E5F40}.Debug|Any CPU.ActiveCfg = Debug|Any CPU
		{43D000A4-F2EA-4F8E-9542-05C5BE2E5F40}.Debug|Any CPU.Build.0 = Debug|Any CPU
		{43D000A4-F2EA-4F8E-9542-05C5BE2E5F40}.Debug|x64.ActiveCfg = Debug|Any CPU
		{43D000A4-F2EA-4F8E-9542-05C5BE2E5F40}.Debug|x64.Build.0 = Debug|Any CPU
		{43D000A4-F2EA-4F8E-9542-05C5BE2E5F40}.Release|Any CPU.ActiveCfg = Release|Any CPU
		{43D000A4-F2EA-4F8E-9542-05C5BE2E5F40}.Release|Any CPU.Build.0 = Release|Any CPU
		{43D000A4-F2EA-4F8E-9542-05C5BE2E5F40}.Release|x64.ActiveCfg = Release|Any CPU
		{43D000A4-F2EA-4F8E-9542-05C5BE2E5F40}.Release|x64.Build.0 = Release|Any CPU
		{E9A17AA2-A822-DBAD-5B94-1AAA6BD0E0AF}.Debug|Any CPU.ActiveCfg = Debug|Any CPU
		{E9A17AA2-A822-DBAD-5B94-1AAA6BD0E0AF}.Debug|Any CPU.Build.0 = Debug|Any CPU
		{E9A17AA2-A822-DBAD-5B94-1AAA6BD0E0AF}.Debug|x64.ActiveCfg = Debug|Any CPU
		{E9A17AA2-A822-DBAD-5B94-1AAA6BD0E0AF}.Debug|x64.Build.0 = Debug|Any CPU
		{E9A17AA2-A822-DBAD-5B94-1AAA6BD0E0AF}.Release|Any CPU.ActiveCfg = Release|Any CPU
		{E9A17AA2-A822-DBAD-5B94-1AAA6BD0E0AF}.Release|Any CPU.Build.0 = Release|Any CPU
		{E9A17AA2-A822-DBAD-5B94-1AAA6BD0E0AF}.Release|x64.ActiveCfg = Release|Any CPU
		{E9A17AA2-A822-DBAD-5B94-1AAA6BD0E0AF}.Release|x64.Build.0 = Release|Any CPU
		{CE019649-9318-73D8-8F70-F3DCB6317432}.Debug|Any CPU.ActiveCfg = Debug|Any CPU
		{CE019649-9318-73D8-8F70-F3DCB6317432}.Debug|Any CPU.Build.0 = Debug|Any CPU
		{CE019649-9318-73D8-8F70-F3DCB6317432}.Debug|x64.ActiveCfg = Debug|Any CPU
		{CE019649-9318-73D8-8F70-F3DCB6317432}.Debug|x64.Build.0 = Debug|Any CPU
		{CE019649-9318-73D8-8F70-F3DCB6317432}.Release|Any CPU.ActiveCfg = Release|Any CPU
		{CE019649-9318-73D8-8F70-F3DCB6317432}.Release|Any CPU.Build.0 = Release|Any CPU
		{CE019649-9318-73D8-8F70-F3DCB6317432}.Release|x64.ActiveCfg = Release|Any CPU
		{CE019649-9318-73D8-8F70-F3DCB6317432}.Release|x64.Build.0 = Release|Any CPU
		{B3F3FE81-4330-0B4C-2412-6F395A20D39D}.Debug|Any CPU.ActiveCfg = Debug|Any CPU
		{B3F3FE81-4330-0B4C-2412-6F395A20D39D}.Debug|Any CPU.Build.0 = Debug|Any CPU
		{B3F3FE81-4330-0B4C-2412-6F395A20D39D}.Debug|x64.ActiveCfg = Debug|Any CPU
		{B3F3FE81-4330-0B4C-2412-6F395A20D39D}.Debug|x64.Build.0 = Debug|Any CPU
		{B3F3FE81-4330-0B4C-2412-6F395A20D39D}.Release|Any CPU.ActiveCfg = Release|Any CPU
		{B3F3FE81-4330-0B4C-2412-6F395A20D39D}.Release|Any CPU.Build.0 = Release|Any CPU
		{B3F3FE81-4330-0B4C-2412-6F395A20D39D}.Release|x64.ActiveCfg = Release|Any CPU
		{B3F3FE81-4330-0B4C-2412-6F395A20D39D}.Release|x64.Build.0 = Release|Any CPU
		{3F3CABB3-E67F-D927-7417-80D1CBAF004A}.Debug|Any CPU.ActiveCfg = Debug|Any CPU
		{3F3CABB3-E67F-D927-7417-80D1CBAF004A}.Debug|Any CPU.Build.0 = Debug|Any CPU
		{3F3CABB3-E67F-D927-7417-80D1CBAF004A}.Debug|x64.ActiveCfg = Debug|Any CPU
		{3F3CABB3-E67F-D927-7417-80D1CBAF004A}.Debug|x64.Build.0 = Debug|Any CPU
		{3F3CABB3-E67F-D927-7417-80D1CBAF004A}.Release|Any CPU.ActiveCfg = Release|Any CPU
		{3F3CABB3-E67F-D927-7417-80D1CBAF004A}.Release|Any CPU.Build.0 = Release|Any CPU
		{3F3CABB3-E67F-D927-7417-80D1CBAF004A}.Release|x64.ActiveCfg = Release|Any CPU
		{3F3CABB3-E67F-D927-7417-80D1CBAF004A}.Release|x64.Build.0 = Release|Any CPU
		{61BA74EB-20AE-BBB9-0771-8ECBE7D18BD5}.Debug|Any CPU.ActiveCfg = Debug|Any CPU
		{61BA74EB-20AE-BBB9-0771-8ECBE7D18BD5}.Debug|Any CPU.Build.0 = Debug|Any CPU
		{61BA74EB-20AE-BBB9-0771-8ECBE7D18BD5}.Debug|x64.ActiveCfg = Debug|Any CPU
		{61BA74EB-20AE-BBB9-0771-8ECBE7D18BD5}.Debug|x64.Build.0 = Debug|Any CPU
		{61BA74EB-20AE-BBB9-0771-8ECBE7D18BD5}.Release|Any CPU.ActiveCfg = Release|Any CPU
		{61BA74EB-20AE-BBB9-0771-8ECBE7D18BD5}.Release|Any CPU.Build.0 = Release|Any CPU
		{61BA74EB-20AE-BBB9-0771-8ECBE7D18BD5}.Release|x64.ActiveCfg = Release|Any CPU
		{61BA74EB-20AE-BBB9-0771-8ECBE7D18BD5}.Release|x64.Build.0 = Release|Any CPU
		{7B753FAC-74C2-4EA7-B4C9-F85BD03EB92C}.Debug|Any CPU.ActiveCfg = Debug|Any CPU
		{7B753FAC-74C2-4EA7-B4C9-F85BD03EB92C}.Debug|Any CPU.Build.0 = Debug|Any CPU
		{7B753FAC-74C2-4EA7-B4C9-F85BD03EB92C}.Debug|x64.ActiveCfg = Debug|Any CPU
		{7B753FAC-74C2-4EA7-B4C9-F85BD03EB92C}.Debug|x64.Build.0 = Debug|Any CPU
		{7B753FAC-74C2-4EA7-B4C9-F85BD03EB92C}.Release|Any CPU.ActiveCfg = Release|Any CPU
		{7B753FAC-74C2-4EA7-B4C9-F85BD03EB92C}.Release|Any CPU.Build.0 = Release|Any CPU
		{7B753FAC-74C2-4EA7-B4C9-F85BD03EB92C}.Release|x64.ActiveCfg = Release|Any CPU
		{7B753FAC-74C2-4EA7-B4C9-F85BD03EB92C}.Release|x64.Build.0 = Release|Any CPU
		{F700D126-775E-415B-8616-7B3D90730505}.Debug|Any CPU.ActiveCfg = Debug|Any CPU
		{F700D126-775E-415B-8616-7B3D90730505}.Debug|Any CPU.Build.0 = Debug|Any CPU
		{F700D126-775E-415B-8616-7B3D90730505}.Debug|x64.ActiveCfg = Debug|Any CPU
		{F700D126-775E-415B-8616-7B3D90730505}.Debug|x64.Build.0 = Debug|Any CPU
		{F700D126-775E-415B-8616-7B3D90730505}.Release|Any CPU.ActiveCfg = Release|Any CPU
		{F700D126-775E-415B-8616-7B3D90730505}.Release|Any CPU.Build.0 = Release|Any CPU
		{F700D126-775E-415B-8616-7B3D90730505}.Release|x64.ActiveCfg = Release|Any CPU
		{F700D126-775E-415B-8616-7B3D90730505}.Release|x64.Build.0 = Release|Any CPU
		{8745BAD8-5B46-4343-8E1F-9E6AFF79DD20}.Debug|Any CPU.ActiveCfg = Debug|Any CPU
		{8745BAD8-5B46-4343-8E1F-9E6AFF79DD20}.Debug|Any CPU.Build.0 = Debug|Any CPU
		{8745BAD8-5B46-4343-8E1F-9E6AFF79DD20}.Debug|x64.ActiveCfg = Debug|Any CPU
		{8745BAD8-5B46-4343-8E1F-9E6AFF79DD20}.Debug|x64.Build.0 = Debug|Any CPU
		{8745BAD8-5B46-4343-8E1F-9E6AFF79DD20}.Release|Any CPU.ActiveCfg = Release|Any CPU
		{8745BAD8-5B46-4343-8E1F-9E6AFF79DD20}.Release|Any CPU.Build.0 = Release|Any CPU
		{8745BAD8-5B46-4343-8E1F-9E6AFF79DD20}.Release|x64.ActiveCfg = Release|Any CPU
		{8745BAD8-5B46-4343-8E1F-9E6AFF79DD20}.Release|x64.Build.0 = Release|Any CPU
		{C264326B-27F9-472A-BEB9-3E9542A4EF4F}.Debug|Any CPU.ActiveCfg = Debug|Any CPU
		{C264326B-27F9-472A-BEB9-3E9542A4EF4F}.Debug|Any CPU.Build.0 = Debug|Any CPU
		{C264326B-27F9-472A-BEB9-3E9542A4EF4F}.Debug|x64.ActiveCfg = Debug|Any CPU
		{C264326B-27F9-472A-BEB9-3E9542A4EF4F}.Debug|x64.Build.0 = Debug|Any CPU
		{C264326B-27F9-472A-BEB9-3E9542A4EF4F}.Release|Any CPU.ActiveCfg = Release|Any CPU
		{C264326B-27F9-472A-BEB9-3E9542A4EF4F}.Release|Any CPU.Build.0 = Release|Any CPU
		{C264326B-27F9-472A-BEB9-3E9542A4EF4F}.Release|x64.ActiveCfg = Release|Any CPU
		{C264326B-27F9-472A-BEB9-3E9542A4EF4F}.Release|x64.Build.0 = Release|Any CPU
		{2B675F7B-0803-4280-8F6F-11F7D84CB2C9}.Debug|Any CPU.ActiveCfg = Debug|Any CPU
		{2B675F7B-0803-4280-8F6F-11F7D84CB2C9}.Debug|Any CPU.Build.0 = Debug|Any CPU
		{2B675F7B-0803-4280-8F6F-11F7D84CB2C9}.Debug|x64.ActiveCfg = Debug|Any CPU
		{2B675F7B-0803-4280-8F6F-11F7D84CB2C9}.Debug|x64.Build.0 = Debug|Any CPU
		{2B675F7B-0803-4280-8F6F-11F7D84CB2C9}.Release|Any CPU.ActiveCfg = Release|Any CPU
		{2B675F7B-0803-4280-8F6F-11F7D84CB2C9}.Release|Any CPU.Build.0 = Release|Any CPU
		{2B675F7B-0803-4280-8F6F-11F7D84CB2C9}.Release|x64.ActiveCfg = Release|Any CPU
		{2B675F7B-0803-4280-8F6F-11F7D84CB2C9}.Release|x64.Build.0 = Release|Any CPU
		{9FEA3B97-6260-4594-90BF-AEB7EF70238C}.Debug|Any CPU.ActiveCfg = Debug|Any CPU
		{9FEA3B97-6260-4594-90BF-AEB7EF70238C}.Debug|Any CPU.Build.0 = Debug|Any CPU
		{9FEA3B97-6260-4594-90BF-AEB7EF70238C}.Debug|x64.ActiveCfg = Debug|Any CPU
		{9FEA3B97-6260-4594-90BF-AEB7EF70238C}.Debug|x64.Build.0 = Debug|Any CPU
		{9FEA3B97-6260-4594-90BF-AEB7EF70238C}.Release|Any CPU.ActiveCfg = Release|Any CPU
		{9FEA3B97-6260-4594-90BF-AEB7EF70238C}.Release|Any CPU.Build.0 = Release|Any CPU
		{9FEA3B97-6260-4594-90BF-AEB7EF70238C}.Release|x64.ActiveCfg = Release|Any CPU
		{9FEA3B97-6260-4594-90BF-AEB7EF70238C}.Release|x64.Build.0 = Release|Any CPU
		{3AACAC30-028E-48F0-A248-3BB46A2ED0B3}.Debug|Any CPU.ActiveCfg = Debug|Any CPU
		{3AACAC30-028E-48F0-A248-3BB46A2ED0B3}.Debug|Any CPU.Build.0 = Debug|Any CPU
		{3AACAC30-028E-48F0-A248-3BB46A2ED0B3}.Debug|x64.ActiveCfg = Debug|Any CPU
		{3AACAC30-028E-48F0-A248-3BB46A2ED0B3}.Debug|x64.Build.0 = Debug|Any CPU
		{3AACAC30-028E-48F0-A248-3BB46A2ED0B3}.Release|Any CPU.ActiveCfg = Release|Any CPU
		{3AACAC30-028E-48F0-A248-3BB46A2ED0B3}.Release|Any CPU.Build.0 = Release|Any CPU
		{3AACAC30-028E-48F0-A248-3BB46A2ED0B3}.Release|x64.ActiveCfg = Release|Any CPU
		{3AACAC30-028E-48F0-A248-3BB46A2ED0B3}.Release|x64.Build.0 = Release|Any CPU
		{4C35F1A8-1DBA-4C95-8D63-46E926970721}.Debug|Any CPU.ActiveCfg = Debug|Any CPU
		{4C35F1A8-1DBA-4C95-8D63-46E926970721}.Debug|Any CPU.Build.0 = Debug|Any CPU
		{4C35F1A8-1DBA-4C95-8D63-46E926970721}.Debug|x64.ActiveCfg = Debug|Any CPU
		{4C35F1A8-1DBA-4C95-8D63-46E926970721}.Debug|x64.Build.0 = Debug|Any CPU
		{4C35F1A8-1DBA-4C95-8D63-46E926970721}.Release|Any CPU.ActiveCfg = Release|Any CPU
		{4C35F1A8-1DBA-4C95-8D63-46E926970721}.Release|Any CPU.Build.0 = Release|Any CPU
		{4C35F1A8-1DBA-4C95-8D63-46E926970721}.Release|x64.ActiveCfg = Release|Any CPU
		{4C35F1A8-1DBA-4C95-8D63-46E926970721}.Release|x64.Build.0 = Release|Any CPU
		{3DB5E132-C6E4-42E7-8042-17E0FE91AEAE}.Debug|Any CPU.ActiveCfg = Debug|Any CPU
		{3DB5E132-C6E4-42E7-8042-17E0FE91AEAE}.Debug|Any CPU.Build.0 = Debug|Any CPU
		{3DB5E132-C6E4-42E7-8042-17E0FE91AEAE}.Debug|x64.ActiveCfg = Debug|Any CPU
		{3DB5E132-C6E4-42E7-8042-17E0FE91AEAE}.Debug|x64.Build.0 = Debug|Any CPU
		{3DB5E132-C6E4-42E7-8042-17E0FE91AEAE}.Release|Any CPU.ActiveCfg = Release|Any CPU
		{3DB5E132-C6E4-42E7-8042-17E0FE91AEAE}.Release|Any CPU.Build.0 = Release|Any CPU
		{3DB5E132-C6E4-42E7-8042-17E0FE91AEAE}.Release|x64.ActiveCfg = Release|Any CPU
		{3DB5E132-C6E4-42E7-8042-17E0FE91AEAE}.Release|x64.Build.0 = Release|Any CPU
		{BCFF6EF9-5006-47BA-B7A6-2E451AF6C211}.Debug|Any CPU.ActiveCfg = Debug|Any CPU
		{BCFF6EF9-5006-47BA-B7A6-2E451AF6C211}.Debug|Any CPU.Build.0 = Debug|Any CPU
		{BCFF6EF9-5006-47BA-B7A6-2E451AF6C211}.Debug|x64.ActiveCfg = Debug|Any CPU
		{BCFF6EF9-5006-47BA-B7A6-2E451AF6C211}.Debug|x64.Build.0 = Debug|Any CPU
		{BCFF6EF9-5006-47BA-B7A6-2E451AF6C211}.Release|Any CPU.ActiveCfg = Release|Any CPU
		{BCFF6EF9-5006-47BA-B7A6-2E451AF6C211}.Release|Any CPU.Build.0 = Release|Any CPU
		{BCFF6EF9-5006-47BA-B7A6-2E451AF6C211}.Release|x64.ActiveCfg = Release|Any CPU
		{BCFF6EF9-5006-47BA-B7A6-2E451AF6C211}.Release|x64.Build.0 = Release|Any CPU
	EndGlobalSection
	GlobalSection(SolutionProperties) = preSolution
		HideSolutionNode = FALSE
	EndGlobalSection
	GlobalSection(NestedProjects) = preSolution
		{32B7991D-6BA9-49B7-A163-058E5CFEC6A0} = {DDB4EF12-CC4E-5E88-E6FC-71A802F4DE97}
		{08428B54-A54D-4D82-8F15-2A8BE7DF0E03} = {A1279F2E-8B59-479E-8A1B-ABFE9F5EC653}
		{A1C1439F-F692-4D22-B36E-45AA63EF3BF1} = {93EA65BF-92DE-4316-A96E-49101F72F95D}
		{4A905B4C-9F83-4806-B770-DC98A1D4F0E0} = {A1C1439F-F692-4D22-B36E-45AA63EF3BF1}
		{A1279F2E-8B59-479E-8A1B-ABFE9F5EC653} = {93EA65BF-92DE-4316-A96E-49101F72F95D}
		{CD4A6172-450D-4F1F-AA83-D41CF5512608} = {2030513F-C2F3-497D-8D8F-C9CA846B06E2}
		{C211E93B-B22F-4603-8C5B-1680BF470072} = {2030513F-C2F3-497D-8D8F-C9CA846B06E2}
		{D202EA62-80C5-4042-B1D5-3FC6471D8F4F} = {93EA65BF-92DE-4316-A96E-49101F72F95D}
		{7BD43D25-09AF-41C5-9798-31BFD056DFBA} = {D202EA62-80C5-4042-B1D5-3FC6471D8F4F}
		{06DC339E-429A-4B17-B787-47021F3B5BFB} = {A1C1439F-F692-4D22-B36E-45AA63EF3BF1}
		{DE75CAE1-0A1D-4E81-9A7A-0B10B558134C} = {0C358C98-6C6A-4FDE-AA79-839B638C4698}
		{16EDBDA0-7045-47A7-ADD9-63EA6B039C40} = {0C358C98-6C6A-4FDE-AA79-839B638C4698}
		{2D1459D4-F079-4D34-BDFA-A6B339B8E4BA} = {16EDBDA0-7045-47A7-ADD9-63EA6B039C40}
		{324EAD56-A2D3-425C-8DCE-CDF575D83FD7} = {0C358C98-6C6A-4FDE-AA79-839B638C4698}
		{049D89B3-4224-4E95-9DF4-589A55B828EF} = {16EDBDA0-7045-47A7-ADD9-63EA6B039C40}
		{F5B0F9E4-29E1-4356-9B5E-5C0E59FF754F} = {600C744F-4E99-4D30-B8AC-9F6D9D988BD9}
		{FFA696D6-2F66-44A7-A91F-CE0CC27F6079} = {600C744F-4E99-4D30-B8AC-9F6D9D988BD9}
		{7E920D66-718C-4AE1-923F-3DF81E7B047A} = {FFA696D6-2F66-44A7-A91F-CE0CC27F6079}
		{684F2D3B-A546-4995-A1F8-27F891F97BC6} = {FFA696D6-2F66-44A7-A91F-CE0CC27F6079}
		{26FD3820-4F57-46F8-9D0B-AFF1EC064C62} = {89890865-7024-40B3-A90F-AA36DDAB0E76}
		{39E24956-B5A2-4E2B-9E2E-9FBEEA5EA85F} = {376493D3-4726-4D41-935C-051003A85DBD}
		{7D1D87E8-FF09-47C8-BF60-DD12E007E345} = {39E24956-B5A2-4E2B-9E2E-9FBEEA5EA85F}
		{7649EF2C-5591-4983-9C35-BEFE79D7AF93} = {376493D3-4726-4D41-935C-051003A85DBD}
		{87DE56B4-AE9F-4937-9DCC-B6A0BBBB1978} = {376493D3-4726-4D41-935C-051003A85DBD}
		{772FEF06-94EB-48D1-A68C-275C43B91C6F} = {39E24956-B5A2-4E2B-9E2E-9FBEEA5EA85F}
		{E5AEDD1A-52B8-4461-8C3F-99EBCAF135F4} = {7C4C39EE-619A-4903-8FE6-8B7879F1A92A}
		{DC7F1261-F671-42B9-B24F-B814B4C192A6} = {7C4C39EE-619A-4903-8FE6-8B7879F1A92A}
		{88061025-8E76-4F9E-AD01-AD8B7FD6CBBE} = {DC7F1261-F671-42B9-B24F-B814B4C192A6}
		{D64BA53D-23F4-4CAA-9F3F-E58DC1C27FFD} = {DC7F1261-F671-42B9-B24F-B814B4C192A6}
		{3557267C-D71A-47C8-8AAE-1ED00B153F0F} = {DC7F1261-F671-42B9-B24F-B814B4C192A6}
		{1B1E334F-24F8-47D3-B532-D70BDF3E3BBD} = {7C4C39EE-619A-4903-8FE6-8B7879F1A92A}
		{2F49EC23-B930-485D-916A-0036277CC65E} = {B492A065-26E9-4E03-B3EE-706A7DA497B0}
		{A764ACA7-CAB6-429E-8C41-D3965BADAEA2} = {B492A065-26E9-4E03-B3EE-706A7DA497B0}
		{A424740D-674C-4F13-8433-9DB6D31E80A4} = {B492A065-26E9-4E03-B3EE-706A7DA497B0}
		{9B011A6D-C08D-41AF-8C45-F124EF94CCE9} = {2F49EC23-B930-485D-916A-0036277CC65E}
		{26866983-B7AD-4F09-A8BF-00FE55D92FEA} = {2F49EC23-B930-485D-916A-0036277CC65E}
		{C8D47533-E21C-4124-AA40-D64DCB19B749} = {07CEDADF-BF5A-4E85-B2F8-F9E2B8233F5C}
		{BA3B5C5E-D6A4-39ED-6760-036CDB62E249} = {07CEDADF-BF5A-4E85-B2F8-F9E2B8233F5C}
		{878F39B6-5226-471B-A051-A12622FD9863} = {07CEDADF-BF5A-4E85-B2F8-F9E2B8233F5C}
		{E1DEB57D-AB2F-46F2-B581-F42BD2131C0B} = {07CEDADF-BF5A-4E85-B2F8-F9E2B8233F5C}
		{6BC72256-AD96-44FF-9E9C-41004BB1ABB1} = {E1DEB57D-AB2F-46F2-B581-F42BD2131C0B}
		{6EF7678A-A725-F430-3097-30F090C0100A} = {47793C71-5C3C-4D67-9246-D652677C11C9}
		{010D0C11-D6A2-3CA6-3281-4E0FD547EC2D} = {47793C71-5C3C-4D67-9246-D652677C11C9}
		{DB7500F4-4CE0-4495-8016-5B9019050D4A} = {7F5B6955-35E9-45C8-A00D-9B5A8CF7A30B}
		{EDE72334-08D1-44C1-83A1-922F7E32C70B} = {7F5B6955-35E9-45C8-A00D-9B5A8CF7A30B}
		{B02866A4-0155-41BD-B04E-8D1684155AC1} = {EDE72334-08D1-44C1-83A1-922F7E32C70B}
		{52442FBF-AB1E-12BC-8344-0695887AC3CB} = {EDE72334-08D1-44C1-83A1-922F7E32C70B}
		{13EA441B-E72F-5CA2-D5D4-B3F52139D7CF} = {EDE72334-08D1-44C1-83A1-922F7E32C70B}
		{2C8E87D8-DDE5-4043-B4E4-6B2545908DF2} = {2030513F-C2F3-497D-8D8F-C9CA846B06E2}
		{D37C4F71-E7D0-4933-AAC7-6EB28959D12F} = {ABB52E83-D99D-4D98-8DF9-53AC6F10B55D}
		{72193F38-645F-485B-BC53-527BC8534C27} = {ABB52E83-D99D-4D98-8DF9-53AC6F10B55D}
		{20B02D92-DE7B-4890-8D0D-58E4E2BFA62A} = {D37C4F71-E7D0-4933-AAC7-6EB28959D12F}
		{E6C8E64D-B934-C1C8-F055-0F1ACBBA9924} = {D37C4F71-E7D0-4933-AAC7-6EB28959D12F}
		{414DFFD5-4A0F-DD91-933A-D9585859A325} = {D37C4F71-E7D0-4933-AAC7-6EB28959D12F}
		{43D000A4-F2EA-4F8E-9542-05C5BE2E5F40} = {2030513F-C2F3-497D-8D8F-C9CA846B06E2}
		{E9A17AA2-A822-DBAD-5B94-1AAA6BD0E0AF} = {C9AB9B6C-11FE-46AD-A88D-64A129F7F005}
		{CE019649-9318-73D8-8F70-F3DCB6317432} = {C9AB9B6C-11FE-46AD-A88D-64A129F7F005}
		{111EA6C1-B1B2-4577-9BEF-D0E56148E604} = {C9AB9B6C-11FE-46AD-A88D-64A129F7F005}
		{B3F3FE81-4330-0B4C-2412-6F395A20D39D} = {111EA6C1-B1B2-4577-9BEF-D0E56148E604}
		{3F3CABB3-E67F-D927-7417-80D1CBAF004A} = {111EA6C1-B1B2-4577-9BEF-D0E56148E604}
		{61BA74EB-20AE-BBB9-0771-8ECBE7D18BD5} = {111EA6C1-B1B2-4577-9BEF-D0E56148E604}
		{7B753FAC-74C2-4EA7-B4C9-F85BD03EB92C} = {C9AB9B6C-11FE-46AD-A88D-64A129F7F005}
		{F700D126-775E-415B-8616-7B3D90730505} = {111EA6C1-B1B2-4577-9BEF-D0E56148E604}
		{8745BAD8-5B46-4343-8E1F-9E6AFF79DD20} = {111EA6C1-B1B2-4577-9BEF-D0E56148E604}
		{C264326B-27F9-472A-BEB9-3E9542A4EF4F} = {06CAB00C-72CC-4DFA-BBC9-ED12E065098C}
		{2B675F7B-0803-4280-8F6F-11F7D84CB2C9} = {06CAB00C-72CC-4DFA-BBC9-ED12E065098C}
		{9FEA3B97-6260-4594-90BF-AEB7EF70238C} = {06CAB00C-72CC-4DFA-BBC9-ED12E065098C}
		{3AACAC30-028E-48F0-A248-3BB46A2ED0B3} = {06CAB00C-72CC-4DFA-BBC9-ED12E065098C}
		{4C35F1A8-1DBA-4C95-8D63-46E926970721} = {06CAB00C-72CC-4DFA-BBC9-ED12E065098C}
		{3DB5E132-C6E4-42E7-8042-17E0FE91AEAE} = {06CAB00C-72CC-4DFA-BBC9-ED12E065098C}
		{BCFF6EF9-5006-47BA-B7A6-2E451AF6C211} = {06CAB00C-72CC-4DFA-BBC9-ED12E065098C}
	EndGlobalSection
	GlobalSection(ExtensibilityGlobals) = postSolution
		SolutionGuid = {0550FDE4-D4C3-4327-AD9D-AECF9A59838F}
	EndGlobalSection
EndGlobal
