
Microsoft Visual Studio Solution File, Format Version 12.00
# Visual Studio Version 17
VisualStudioVersion = 17.13.35825.156
MinimumVisualStudioVersion = 10.0.40219.1
Project("{2150E333-8FDC-42A3-9474-1A3956D46DE8}") = "Chapter01", "Chapter01", "{DDB4EF12-CC4E-5E88-E6FC-71A802F4DE97}"
EndProject
Project("{FAE04EC0-301F-11D3-BF4B-00C04F79EFBC}") = "ProductSample", "Chapter01\ProductSample\ProductSample.csproj", "{32B7991D-6BA9-49B7-A163-058E5CFEC6A0}"
EndProject
Project("{2150E333-8FDC-42A3-9474-1A3956D46DE8}") = "Chapter02", "Chapter02", "{93EA65BF-92DE-4316-A96E-49101F72F95D}"
EndProject
Project("{FAE04EC0-301F-11D3-BF4B-00C04F79EFBC}") = "DistanceConverter", "Chapter02\DistanceConverter\DistanceConverter.csproj", "{08428B54-A54D-4D82-8F15-2A8BE7DF0E03}"
EndProject
Project("{2150E333-8FDC-42A3-9474-1A3956D46DE8}") = "演習問題", "演習問題", "{A1C1439F-F692-4D22-B36E-45AA63EF3BF1}"
EndProject
Project("{FAE04EC0-301F-11D3-BF4B-00C04F79EFBC}") = "Exercise02", "Chapter02\演習問題\Exercise02\Exercise02.csproj", "{4A905B4C-9F83-4806-B770-DC98A1D4F0E0}"
EndProject
Project("{2150E333-8FDC-42A3-9474-1A3956D46DE8}") = "距離換算プログラム", "距離換算プログラム", "{A1279F2E-8B59-479E-8A1B-ABFE9F5EC653}"
EndProject
Project("{2150E333-8FDC-42A3-9474-1A3956D46DE8}") = "FormApps", "FormApps", "{2030513F-C2F3-497D-8D8F-C9CA846B06E2}"
EndProject
Project("{FAE04EC0-301F-11D3-BF4B-00C04F79EFBC}") = "UnitConverter", "FormApps\UnitConverter\UnitConverter.csproj", "{CD4A6172-450D-4F1F-AA83-D41CF5512608}"
EndProject
Project("{FAE04EC0-301F-11D3-BF4B-00C04F79EFBC}") = "StopWatch", "FormApps\StopWatch\StopWatch.csproj", "{C211E93B-B22F-4603-8C5B-1680BF470072}"
EndProject
Project("{2150E333-8FDC-42A3-9474-1A3956D46DE8}") = "売上集計プログラム", "売上集計プログラム", "{D202EA62-80C5-4042-B1D5-3FC6471D8F4F}"
EndProject
Project("{FAE04EC0-301F-11D3-BF4B-00C04F79EFBC}") = "SalesCalculator", "Chapter02\SalesCalculator\SalesCalculator.csproj", "{7BD43D25-09AF-41C5-9798-31BFD056DFBA}"
EndProject
Project("{FAE04EC0-301F-11D3-BF4B-00C04F79EFBC}") = "Exercise01", "Chapter02\演習問題\Exercise01\Exercise01.csproj", "{06DC339E-429A-4B17-B787-47021F3B5BFB}"
EndProject
Project("{2150E333-8FDC-42A3-9474-1A3956D46DE8}") = "Chapter03", "Chapter03", "{0C358C98-6C6A-4FDE-AA79-839B638C4698}"
EndProject
Project("{FAE04EC0-301F-11D3-BF4B-00C04F79EFBC}") = "Section01", "Chapter03\Section01\Section01.csproj", "{DE75CAE1-0A1D-4E81-9A7A-0B10B558134C}"
EndProject
Project("{2150E333-8FDC-42A3-9474-1A3956D46DE8}") = "演習問題", "演習問題", "{16EDBDA0-7045-47A7-ADD9-63EA6B039C40}"
EndProject
Project("{FAE04EC0-301F-11D3-BF4B-00C04F79EFBC}") = "Exercise02", "Chapter03\演習問題\Exercise02\Exercise02.csproj", "{2D1459D4-F079-4D34-BDFA-A6B339B8E4BA}"
EndProject
Project("{FAE04EC0-301F-11D3-BF4B-00C04F79EFBC}") = "Section04", "Chapter03\Section04\Section04.csproj", "{324EAD56-A2D3-425C-8DCE-CDF575D83FD7}"
EndProject
Project("{FAE04EC0-301F-11D3-BF4B-00C04F79EFBC}") = "Exercise01", "Chapter03\演習問題\Exercise01\Exercise01.csproj", "{049D89B3-4224-4E95-9DF4-589A55B828EF}"
EndProject
Project("{2150E333-8FDC-42A3-9474-1A3956D46DE8}") = "Chapter04", "Chapter04", "{600C744F-4E99-4D30-B8AC-9F6D9D988BD9}"
EndProject
Project("{FAE04EC0-301F-11D3-BF4B-00C04F79EFBC}") = "Section04", "Chapter04\Section04\Section04.csproj", "{F5B0F9E4-29E1-4356-9B5E-5C0E59FF754F}"
EndProject
Project("{2150E333-8FDC-42A3-9474-1A3956D46DE8}") = "演習問題", "演習問題", "{FFA696D6-2F66-44A7-A91F-CE0CC27F6079}"
EndProject
Project("{FAE04EC0-301F-11D3-BF4B-00C04F79EFBC}") = "Exercise01", "Chapter04\演習問題\Exercise01\Exercise01.csproj", "{7E920D66-718C-4AE1-923F-3DF81E7B047A}"
EndProject
Project("{FAE04EC0-301F-11D3-BF4B-00C04F79EFBC}") = "Exercise02", "Chapter04\演習問題\Exercise02\Exercise02.csproj", "{684F2D3B-A546-4995-A1F8-27F891F97BC6}"
EndProject
Project("{2150E333-8FDC-42A3-9474-1A3956D46DE8}") = "LINQ", "LINQ", "{89890865-7024-40B3-A90F-AA36DDAB0E76}"
EndProject
Project("{FAE04EC0-301F-11D3-BF4B-00C04F79EFBC}") = "LinqSample", "LINQ\LinqSample\LinqSample.csproj", "{26FD3820-4F57-46F8-9D0B-AFF1EC064C62}"
EndProject
Project("{2150E333-8FDC-42A3-9474-1A3956D46DE8}") = "Chapter07", "Chapter07", "{376493D3-4726-4D41-935C-051003A85DBD}"
EndProject
Project("{2150E333-8FDC-42A3-9474-1A3956D46DE8}") = "演習問題", "演習問題", "{39E24956-B5A2-4E2B-9E2E-9FBEEA5EA85F}"
EndProject
Project("{FAE04EC0-301F-11D3-BF4B-00C04F79EFBC}") = "Exercise01", "Chapter07\演習問題\Exercise01\Exercise01.csproj", "{7D1D87E8-FF09-47C8-BF60-DD12E007E345}"
EndProject
Project("{FAE04EC0-301F-11D3-BF4B-00C04F79EFBC}") = "Section01", "Chapter07\Section01\Section01.csproj", "{7649EF2C-5591-4983-9C35-BEFE79D7AF93}"
EndProject
Project("{FAE04EC0-301F-11D3-BF4B-00C04F79EFBC}") = "Section05", "Chapter07\Section05\Section05.csproj", "{87DE56B4-AE9F-4937-9DCC-B6A0BBBB1978}"
EndProject
Project("{FAE04EC0-301F-11D3-BF4B-00C04F79EFBC}") = "Exercise02", "Chapter07\演習問題\Exercise02\Exercise02.csproj", "{772FEF06-94EB-48D1-A68C-275C43B91C6F}"
EndProject
Project("{2150E333-8FDC-42A3-9474-1A3956D46DE8}") = "Chapter06", "Chapter06", "{7C4C39EE-619A-4903-8FE6-8B7879F1A92A}"
EndProject
Project("{FAE04EC0-301F-11D3-BF4B-00C04F79EFBC}") = "Section01", "Chapter06\Section01\Section01.csproj", "{E5AEDD1A-52B8-4461-8C3F-99EBCAF135F4}"
EndProject
Project("{2150E333-8FDC-42A3-9474-1A3956D46DE8}") = "演習問題", "演習問題", "{29820F24-05DB-46E9-A1D7-C9DE7D205BB5}"
EndProject
Project("{FAE04EC0-301F-11D3-BF4B-00C04F79EFBC}") = "Exercise01", "演習問題\Exercise01\Exercise01.csproj", "{FA039574-33A1-480F-A8BB-BB8AA57DEDF0}"
EndProject
Project("{FAE04EC0-301F-11D3-BF4B-00C04F79EFBC}") = "Exercise03", "演習問題\Exercise03\Exercise03.csproj", "{29FC0DB1-D17A-403D-9B6F-5FE0417C5835}"
EndProject
Global
	GlobalSection(SolutionConfigurationPlatforms) = preSolution
		Debug|Any CPU = Debug|Any CPU
		Release|Any CPU = Release|Any CPU
	EndGlobalSection
	GlobalSection(ProjectConfigurationPlatforms) = postSolution
		{32B7991D-6BA9-49B7-A163-058E5CFEC6A0}.Debug|Any CPU.ActiveCfg = Debug|Any CPU
		{32B7991D-6BA9-49B7-A163-058E5CFEC6A0}.Debug|Any CPU.Build.0 = Debug|Any CPU
		{32B7991D-6BA9-49B7-A163-058E5CFEC6A0}.Release|Any CPU.ActiveCfg = Release|Any CPU
		{32B7991D-6BA9-49B7-A163-058E5CFEC6A0}.Release|Any CPU.Build.0 = Release|Any CPU
		{08428B54-A54D-4D82-8F15-2A8BE7DF0E03}.Debug|Any CPU.ActiveCfg = Debug|Any CPU
		{08428B54-A54D-4D82-8F15-2A8BE7DF0E03}.Debug|Any CPU.Build.0 = Debug|Any CPU
		{08428B54-A54D-4D82-8F15-2A8BE7DF0E03}.Release|Any CPU.ActiveCfg = Release|Any CPU
		{08428B54-A54D-4D82-8F15-2A8BE7DF0E03}.Release|Any CPU.Build.0 = Release|Any CPU
		{4A905B4C-9F83-4806-B770-DC98A1D4F0E0}.Debug|Any CPU.ActiveCfg = Debug|Any CPU
		{4A905B4C-9F83-4806-B770-DC98A1D4F0E0}.Debug|Any CPU.Build.0 = Debug|Any CPU
		{4A905B4C-9F83-4806-B770-DC98A1D4F0E0}.Release|Any CPU.ActiveCfg = Release|Any CPU
		{4A905B4C-9F83-4806-B770-DC98A1D4F0E0}.Release|Any CPU.Build.0 = Release|Any CPU
		{CD4A6172-450D-4F1F-AA83-D41CF5512608}.Debug|Any CPU.ActiveCfg = Debug|Any CPU
		{CD4A6172-450D-4F1F-AA83-D41CF5512608}.Debug|Any CPU.Build.0 = Debug|Any CPU
		{CD4A6172-450D-4F1F-AA83-D41CF5512608}.Release|Any CPU.ActiveCfg = Release|Any CPU
		{CD4A6172-450D-4F1F-AA83-D41CF5512608}.Release|Any CPU.Build.0 = Release|Any CPU
		{C211E93B-B22F-4603-8C5B-1680BF470072}.Debug|Any CPU.ActiveCfg = Debug|Any CPU
		{C211E93B-B22F-4603-8C5B-1680BF470072}.Debug|Any CPU.Build.0 = Debug|Any CPU
		{C211E93B-B22F-4603-8C5B-1680BF470072}.Release|Any CPU.ActiveCfg = Release|Any CPU
		{C211E93B-B22F-4603-8C5B-1680BF470072}.Release|Any CPU.Build.0 = Release|Any CPU
		{7BD43D25-09AF-41C5-9798-31BFD056DFBA}.Debug|Any CPU.ActiveCfg = Debug|Any CPU
		{7BD43D25-09AF-41C5-9798-31BFD056DFBA}.Debug|Any CPU.Build.0 = Debug|Any CPU
		{7BD43D25-09AF-41C5-9798-31BFD056DFBA}.Release|Any CPU.ActiveCfg = Release|Any CPU
		{7BD43D25-09AF-41C5-9798-31BFD056DFBA}.Release|Any CPU.Build.0 = Release|Any CPU
		{06DC339E-429A-4B17-B787-47021F3B5BFB}.Debug|Any CPU.ActiveCfg = Debug|Any CPU
		{06DC339E-429A-4B17-B787-47021F3B5BFB}.Debug|Any CPU.Build.0 = Debug|Any CPU
		{06DC339E-429A-4B17-B787-47021F3B5BFB}.Release|Any CPU.ActiveCfg = Release|Any CPU
		{06DC339E-429A-4B17-B787-47021F3B5BFB}.Release|Any CPU.Build.0 = Release|Any CPU
		{DE75CAE1-0A1D-4E81-9A7A-0B10B558134C}.Debug|Any CPU.ActiveCfg = Debug|Any CPU
		{DE75CAE1-0A1D-4E81-9A7A-0B10B558134C}.Debug|Any CPU.Build.0 = Debug|Any CPU
		{DE75CAE1-0A1D-4E81-9A7A-0B10B558134C}.Release|Any CPU.ActiveCfg = Release|Any CPU
		{DE75CAE1-0A1D-4E81-9A7A-0B10B558134C}.Release|Any CPU.Build.0 = Release|Any CPU
		{2D1459D4-F079-4D34-BDFA-A6B339B8E4BA}.Debug|Any CPU.ActiveCfg = Debug|Any CPU
		{2D1459D4-F079-4D34-BDFA-A6B339B8E4BA}.Debug|Any CPU.Build.0 = Debug|Any CPU
		{2D1459D4-F079-4D34-BDFA-A6B339B8E4BA}.Release|Any CPU.ActiveCfg = Release|Any CPU
		{2D1459D4-F079-4D34-BDFA-A6B339B8E4BA}.Release|Any CPU.Build.0 = Release|Any CPU
		{324EAD56-A2D3-425C-8DCE-CDF575D83FD7}.Debug|Any CPU.ActiveCfg = Debug|Any CPU
		{324EAD56-A2D3-425C-8DCE-CDF575D83FD7}.Debug|Any CPU.Build.0 = Debug|Any CPU
		{324EAD56-A2D3-425C-8DCE-CDF575D83FD7}.Release|Any CPU.ActiveCfg = Release|Any CPU
		{324EAD56-A2D3-425C-8DCE-CDF575D83FD7}.Release|Any CPU.Build.0 = Release|Any CPU
		{049D89B3-4224-4E95-9DF4-589A55B828EF}.Debug|Any CPU.ActiveCfg = Debug|Any CPU
		{049D89B3-4224-4E95-9DF4-589A55B828EF}.Debug|Any CPU.Build.0 = Debug|Any CPU
		{049D89B3-4224-4E95-9DF4-589A55B828EF}.Release|Any CPU.ActiveCfg = Release|Any CPU
		{049D89B3-4224-4E95-9DF4-589A55B828EF}.Release|Any CPU.Build.0 = Release|Any CPU
		{F5B0F9E4-29E1-4356-9B5E-5C0E59FF754F}.Debug|Any CPU.ActiveCfg = Debug|Any CPU
		{F5B0F9E4-29E1-4356-9B5E-5C0E59FF754F}.Debug|Any CPU.Build.0 = Debug|Any CPU
		{F5B0F9E4-29E1-4356-9B5E-5C0E59FF754F}.Release|Any CPU.ActiveCfg = Release|Any CPU
		{F5B0F9E4-29E1-4356-9B5E-5C0E59FF754F}.Release|Any CPU.Build.0 = Release|Any CPU
		{7E920D66-718C-4AE1-923F-3DF81E7B047A}.Debug|Any CPU.ActiveCfg = Debug|Any CPU
		{7E920D66-718C-4AE1-923F-3DF81E7B047A}.Debug|Any CPU.Build.0 = Debug|Any CPU
		{7E920D66-718C-4AE1-923F-3DF81E7B047A}.Release|Any CPU.ActiveCfg = Release|Any CPU
		{7E920D66-718C-4AE1-923F-3DF81E7B047A}.Release|Any CPU.Build.0 = Release|Any CPU
		{684F2D3B-A546-4995-A1F8-27F891F97BC6}.Debug|Any CPU.ActiveCfg = Debug|Any CPU
		{684F2D3B-A546-4995-A1F8-27F891F97BC6}.Debug|Any CPU.Build.0 = Debug|Any CPU
		{684F2D3B-A546-4995-A1F8-27F891F97BC6}.Release|Any CPU.ActiveCfg = Release|Any CPU
		{684F2D3B-A546-4995-A1F8-27F891F97BC6}.Release|Any CPU.Build.0 = Release|Any CPU
		{26FD3820-4F57-46F8-9D0B-AFF1EC064C62}.Debug|Any CPU.ActiveCfg = Debug|Any CPU
		{26FD3820-4F57-46F8-9D0B-AFF1EC064C62}.Debug|Any CPU.Build.0 = Debug|Any CPU
		{26FD3820-4F57-46F8-9D0B-AFF1EC064C62}.Release|Any CPU.ActiveCfg = Release|Any CPU
		{26FD3820-4F57-46F8-9D0B-AFF1EC064C62}.Release|Any CPU.Build.0 = Release|Any CPU
		{7D1D87E8-FF09-47C8-BF60-DD12E007E345}.Debug|Any CPU.ActiveCfg = Debug|Any CPU
		{7D1D87E8-FF09-47C8-BF60-DD12E007E345}.Debug|Any CPU.Build.0 = Debug|Any CPU
		{7D1D87E8-FF09-47C8-BF60-DD12E007E345}.Release|Any CPU.ActiveCfg = Release|Any CPU
		{7D1D87E8-FF09-47C8-BF60-DD12E007E345}.Release|Any CPU.Build.0 = Release|Any CPU
		{7649EF2C-5591-4983-9C35-BEFE79D7AF93}.Debug|Any CPU.ActiveCfg = Debug|Any CPU
		{7649EF2C-5591-4983-9C35-BEFE79D7AF93}.Debug|Any CPU.Build.0 = Debug|Any CPU
		{7649EF2C-5591-4983-9C35-BEFE79D7AF93}.Release|Any CPU.ActiveCfg = Release|Any CPU
		{7649EF2C-5591-4983-9C35-BEFE79D7AF93}.Release|Any CPU.Build.0 = Release|Any CPU
		{87DE56B4-AE9F-4937-9DCC-B6A0BBBB1978}.Debug|Any CPU.ActiveCfg = Debug|Any CPU
		{87DE56B4-AE9F-4937-9DCC-B6A0BBBB1978}.Debug|Any CPU.Build.0 = Debug|Any CPU
		{87DE56B4-AE9F-4937-9DCC-B6A0BBBB1978}.Release|Any CPU.ActiveCfg = Release|Any CPU
		{87DE56B4-AE9F-4937-9DCC-B6A0BBBB1978}.Release|Any CPU.Build.0 = Release|Any CPU
		{772FEF06-94EB-48D1-A68C-275C43B91C6F}.Debug|Any CPU.ActiveCfg = Debug|Any CPU
		{772FEF06-94EB-48D1-A68C-275C43B91C6F}.Debug|Any CPU.Build.0 = Debug|Any CPU
		{772FEF06-94EB-48D1-A68C-275C43B91C6F}.Release|Any CPU.ActiveCfg = Release|Any CPU
		{772FEF06-94EB-48D1-A68C-275C43B91C6F}.Release|Any CPU.Build.0 = Release|Any CPU
		{E5AEDD1A-52B8-4461-8C3F-99EBCAF135F4}.Debug|Any CPU.ActiveCfg = Debug|Any CPU
		{E5AEDD1A-52B8-4461-8C3F-99EBCAF135F4}.Debug|Any CPU.Build.0 = Debug|Any CPU
		{E5AEDD1A-52B8-4461-8C3F-99EBCAF135F4}.Release|Any CPU.ActiveCfg = Release|Any CPU
		{E5AEDD1A-52B8-4461-8C3F-99EBCAF135F4}.Release|Any CPU.Build.0 = Release|Any CPU
		{FA039574-33A1-480F-A8BB-BB8AA57DEDF0}.Debug|Any CPU.ActiveCfg = Debug|Any CPU
		{FA039574-33A1-480F-A8BB-BB8AA57DEDF0}.Debug|Any CPU.Build.0 = Debug|Any CPU
		{FA039574-33A1-480F-A8BB-BB8AA57DEDF0}.Release|Any CPU.ActiveCfg = Release|Any CPU
		{FA039574-33A1-480F-A8BB-BB8AA57DEDF0}.Release|Any CPU.Build.0 = Release|Any CPU
		{29FC0DB1-D17A-403D-9B6F-5FE0417C5835}.Debug|Any CPU.ActiveCfg = Debug|Any CPU
		{29FC0DB1-D17A-403D-9B6F-5FE0417C5835}.Debug|Any CPU.Build.0 = Debug|Any CPU
		{29FC0DB1-D17A-403D-9B6F-5FE0417C5835}.Release|Any CPU.ActiveCfg = Release|Any CPU
		{29FC0DB1-D17A-403D-9B6F-5FE0417C5835}.Release|Any CPU.Build.0 = Release|Any CPU
	EndGlobalSection
	GlobalSection(SolutionProperties) = preSolution
		HideSolutionNode = FALSE
	EndGlobalSection
	GlobalSection(NestedProjects) = preSolution
		{32B7991D-6BA9-49B7-A163-058E5CFEC6A0} = {DDB4EF12-CC4E-5E88-E6FC-71A802F4DE97}
		{08428B54-A54D-4D82-8F15-2A8BE7DF0E03} = {A1279F2E-8B59-479E-8A1B-ABFE9F5EC653}
		{A1C1439F-F692-4D22-B36E-45AA63EF3BF1} = {93EA65BF-92DE-4316-A96E-49101F72F95D}
		{4A905B4C-9F83-4806-B770-DC98A1D4F0E0} = {A1C1439F-F692-4D22-B36E-45AA63EF3BF1}
		{A1279F2E-8B59-479E-8A1B-ABFE9F5EC653} = {93EA65BF-92DE-4316-A96E-49101F72F95D}
		{CD4A6172-450D-4F1F-AA83-D41CF5512608} = {2030513F-C2F3-497D-8D8F-C9CA846B06E2}
		{C211E93B-B22F-4603-8C5B-1680BF470072} = {2030513F-C2F3-497D-8D8F-C9CA846B06E2}
		{D202EA62-80C5-4042-B1D5-3FC6471D8F4F} = {93EA65BF-92DE-4316-A96E-49101F72F95D}
		{7BD43D25-09AF-41C5-9798-31BFD056DFBA} = {D202EA62-80C5-4042-B1D5-3FC6471D8F4F}
		{06DC339E-429A-4B17-B787-47021F3B5BFB} = {A1C1439F-F692-4D22-B36E-45AA63EF3BF1}
		{DE75CAE1-0A1D-4E81-9A7A-0B10B558134C} = {0C358C98-6C6A-4FDE-AA79-839B638C4698}
		{16EDBDA0-7045-47A7-ADD9-63EA6B039C40} = {0C358C98-6C6A-4FDE-AA79-839B638C4698}
		{2D1459D4-F079-4D34-BDFA-A6B339B8E4BA} = {16EDBDA0-7045-47A7-ADD9-63EA6B039C40}
		{324EAD56-A2D3-425C-8DCE-CDF575D83FD7} = {0C358C98-6C6A-4FDE-AA79-839B638C4698}
		{049D89B3-4224-4E95-9DF4-589A55B828EF} = {16EDBDA0-7045-47A7-ADD9-63EA6B039C40}
		{F5B0F9E4-29E1-4356-9B5E-5C0E59FF754F} = {600C744F-4E99-4D30-B8AC-9F6D9D988BD9}
		{FFA696D6-2F66-44A7-A91F-CE0CC27F6079} = {600C744F-4E99-4D30-B8AC-9F6D9D988BD9}
		{7E920D66-718C-4AE1-923F-3DF81E7B047A} = {FFA696D6-2F66-44A7-A91F-CE0CC27F6079}
		{684F2D3B-A546-4995-A1F8-27F891F97BC6} = {FFA696D6-2F66-44A7-A91F-CE0CC27F6079}
		{26FD3820-4F57-46F8-9D0B-AFF1EC064C62} = {89890865-7024-40B3-A90F-AA36DDAB0E76}
		{39E24956-B5A2-4E2B-9E2E-9FBEEA5EA85F} = {376493D3-4726-4D41-935C-051003A85DBD}
		{7D1D87E8-FF09-47C8-BF60-DD12E007E345} = {39E24956-B5A2-4E2B-9E2E-9FBEEA5EA85F}
		{7649EF2C-5591-4983-9C35-BEFE79D7AF93} = {376493D3-4726-4D41-935C-051003A85DBD}
		{87DE56B4-AE9F-4937-9DCC-B6A0BBBB1978} = {376493D3-4726-4D41-935C-051003A85DBD}
		{772FEF06-94EB-48D1-A68C-275C43B91C6F} = {39E24956-B5A2-4E2B-9E2E-9FBEEA5EA85F}
		{E5AEDD1A-52B8-4461-8C3F-99EBCAF135F4} = {7C4C39EE-619A-4903-8FE6-8B7879F1A92A}
		{29820F24-05DB-46E9-A1D7-C9DE7D205BB5} = {7C4C39EE-619A-4903-8FE6-8B7879F1A92A}
		{FA039574-33A1-480F-A8BB-BB8AA57DEDF0} = {29820F24-05DB-46E9-A1D7-C9DE7D205BB5}
		{29FC0DB1-D17A-403D-9B6F-5FE0417C5835} = {29820F24-05DB-46E9-A1D7-C9DE7D205BB5}
	EndGlobalSection
	GlobalSection(ExtensibilityGlobals) = postSolution
		SolutionGuid = {0550FDE4-D4C3-4327-AD9D-AECF9A59838F}
	EndGlobalSection
EndGlobal
